// !$*UTF8*$!
{
	archiveVersion = 1;
	classes = {
	};
	objectVersion = 46;
	objects = {

/* Begin PBXBuildFile section */
		94A94E6915581D14004FB612 /* UIKit.framework in Frameworks */ = {isa = PBXBuildFile; fileRef = 94A94E6815581D14004FB612 /* UIKit.framework */; };
		94A94E6B15581D14004FB612 /* Foundation.framework in Frameworks */ = {isa = PBXBuildFile; fileRef = 94A94E6A15581D14004FB612 /* Foundation.framework */; };
		94A94E6D15581D14004FB612 /* CoreGraphics.framework in Frameworks */ = {isa = PBXBuildFile; fileRef = 94A94E6C15581D14004FB612 /* CoreGraphics.framework */; };
		94A94E7315581D14004FB612 /* InfoPlist.strings in Resources */ = {isa = PBXBuildFile; fileRef = 94A94E7115581D14004FB612 /* InfoPlist.strings */; };
		94A94E7515581D14004FB612 /* main.m in Sources */ = {isa = PBXBuildFile; fileRef = 94A94E7415581D14004FB612 /* main.m */; };
		94A94E7915581D14004FB612 /* AppDelegate.m in Sources */ = {isa = PBXBuildFile; fileRef = 94A94E7815581D14004FB612 /* AppDelegate.m */; };
		94A94E7C15581D14004FB612 /* MainStoryboard.storyboard in Resources */ = {isa = PBXBuildFile; fileRef = 94A94E7A15581D14004FB612 /* MainStoryboard.storyboard */; };
		94A94E7F15581D14004FB612 /* OrderController.m in Sources */ = {isa = PBXBuildFile; fileRef = 94A94E7E15581D14004FB612 /* OrderController.m */; };
		94A94E8715581D14004FB612 /* SenTestingKit.framework in Frameworks */ = {isa = PBXBuildFile; fileRef = 94A94E8615581D14004FB612 /* SenTestingKit.framework */; };
		94A94E8815581D14004FB612 /* UIKit.framework in Frameworks */ = {isa = PBXBuildFile; fileRef = 94A94E6815581D14004FB612 /* UIKit.framework */; };
		94A94E8915581D14004FB612 /* Foundation.framework in Frameworks */ = {isa = PBXBuildFile; fileRef = 94A94E6A15581D14004FB612 /* Foundation.framework */; };
		94A94E9115581D14004FB612 /* InfoPlist.strings in Resources */ = {isa = PBXBuildFile; fileRef = 94A94E8F15581D14004FB612 /* InfoPlist.strings */; };
		94A94E9415581D14004FB612 /* tpTests.m in Sources */ = {isa = PBXBuildFile; fileRef = 94A94E9315581D14004FB612 /* tpTests.m */; };
		FAE95FFD155A8E5B007F42DA /* wood-bg@2x.png in Resources */ = {isa = PBXBuildFile; fileRef = FAE95FFC155A8E5B007F42DA /* wood-bg@2x.png */; };
		FAE96000155A8E73007F42DA /* navbar.png in Resources */ = {isa = PBXBuildFile; fileRef = FAE95FFE155A8E73007F42DA /* navbar.png */; };
		FAE96001155A8E73007F42DA /* wood-bg.png in Resources */ = {isa = PBXBuildFile; fileRef = FAE95FFF155A8E73007F42DA /* wood-bg.png */; };
		FAE9601C155A9042007F42DA /* AFHTTPClient.m in Sources */ = {isa = PBXBuildFile; fileRef = FAE96008155A9042007F42DA /* AFHTTPClient.m */; settings = {COMPILER_FLAGS = "-fno-objc-arc"; }; };
		FAE9601D155A9042007F42DA /* AFHTTPRequestOperation.m in Sources */ = {isa = PBXBuildFile; fileRef = FAE9600A155A9042007F42DA /* AFHTTPRequestOperation.m */; settings = {COMPILER_FLAGS = "-fno-objc-arc"; }; };
		FAE9601E155A9042007F42DA /* AFImageRequestOperation.m in Sources */ = {isa = PBXBuildFile; fileRef = FAE9600C155A9042007F42DA /* AFImageRequestOperation.m */; settings = {COMPILER_FLAGS = "-fno-objc-arc"; }; };
		FAE9601F155A9042007F42DA /* AFJSONRequestOperation.m in Sources */ = {isa = PBXBuildFile; fileRef = FAE9600E155A9042007F42DA /* AFJSONRequestOperation.m */; settings = {COMPILER_FLAGS = "-fno-objc-arc"; }; };
		FAE96020155A9042007F42DA /* AFJSONUtilities.m in Sources */ = {isa = PBXBuildFile; fileRef = FAE96010155A9042007F42DA /* AFJSONUtilities.m */; settings = {COMPILER_FLAGS = "-fno-objc-arc"; }; };
		FAE96021155A9042007F42DA /* AFNetworkActivityIndicatorManager.m in Sources */ = {isa = PBXBuildFile; fileRef = FAE96012155A9042007F42DA /* AFNetworkActivityIndicatorManager.m */; settings = {COMPILER_FLAGS = "-fno-objc-arc"; }; };
		FAE96022155A9042007F42DA /* AFPropertyListRequestOperation.m in Sources */ = {isa = PBXBuildFile; fileRef = FAE96015155A9042007F42DA /* AFPropertyListRequestOperation.m */; settings = {COMPILER_FLAGS = "-fno-objc-arc"; }; };
		FAE96023155A9042007F42DA /* AFURLConnectionOperation.m in Sources */ = {isa = PBXBuildFile; fileRef = FAE96017155A9042007F42DA /* AFURLConnectionOperation.m */; settings = {COMPILER_FLAGS = "-fno-objc-arc"; }; };
		FAE96024155A9042007F42DA /* AFXMLRequestOperation.m in Sources */ = {isa = PBXBuildFile; fileRef = FAE96019155A9042007F42DA /* AFXMLRequestOperation.m */; settings = {COMPILER_FLAGS = "-fno-objc-arc"; }; };
		FAE96025155A9042007F42DA /* UIImageView+AFNetworking.m in Sources */ = {isa = PBXBuildFile; fileRef = FAE9601B155A9042007F42DA /* UIImageView+AFNetworking.m */; settings = {COMPILER_FLAGS = "-fno-objc-arc"; }; };
		FAE9602D155B074F007F42DA /* gear.png in Resources */ = {isa = PBXBuildFile; fileRef = FAE9602B155B074F007F42DA /* gear.png */; };
		FAE9602E155B074F007F42DA /* gear@2x.png in Resources */ = {isa = PBXBuildFile; fileRef = FAE9602C155B074F007F42DA /* gear@2x.png */; };
		FAE96031155B08E4007F42DA /* UIBarButtonItem+Borderless.m in Sources */ = {isa = PBXBuildFile; fileRef = FAE96030155B08E4007F42DA /* UIBarButtonItem+Borderless.m */; };
		FAE96036155C7E69007F42DA /* premium@2x.png in Resources */ = {isa = PBXBuildFile; fileRef = FAE96032155C7E69007F42DA /* premium@2x.png */; };
		FAE96037155C7E69007F42DA /* bottom-bg@2x.png in Resources */ = {isa = PBXBuildFile; fileRef = FAE96033155C7E69007F42DA /* bottom-bg@2x.png */; };
		FAE96038155C7E69007F42DA /* regular@2x.png in Resources */ = {isa = PBXBuildFile; fileRef = FAE96034155C7E69007F42DA /* regular@2x.png */; };
		FAE96039155C7E69007F42DA /* navbar@2x.png in Resources */ = {isa = PBXBuildFile; fileRef = FAE96035155C7E69007F42DA /* navbar@2x.png */; };
/* End PBXBuildFile section */

/* Begin PBXContainerItemProxy section */
		94A94E8A15581D14004FB612 /* PBXContainerItemProxy */ = {
			isa = PBXContainerItemProxy;
			containerPortal = 94A94E5B15581D13004FB612 /* Project object */;
			proxyType = 1;
			remoteGlobalIDString = 94A94E6315581D13004FB612;
			remoteInfo = tp;
		};
/* End PBXContainerItemProxy section */

/* Begin PBXFileReference section */
		94A94E6415581D13004FB612 /* tp.app */ = {isa = PBXFileReference; explicitFileType = wrapper.application; includeInIndex = 0; path = tp.app; sourceTree = BUILT_PRODUCTS_DIR; };
		94A94E6815581D14004FB612 /* UIKit.framework */ = {isa = PBXFileReference; lastKnownFileType = wrapper.framework; name = UIKit.framework; path = System/Library/Frameworks/UIKit.framework; sourceTree = SDKROOT; };
		94A94E6A15581D14004FB612 /* Foundation.framework */ = {isa = PBXFileReference; lastKnownFileType = wrapper.framework; name = Foundation.framework; path = System/Library/Frameworks/Foundation.framework; sourceTree = SDKROOT; };
		94A94E6C15581D14004FB612 /* CoreGraphics.framework */ = {isa = PBXFileReference; lastKnownFileType = wrapper.framework; name = CoreGraphics.framework; path = System/Library/Frameworks/CoreGraphics.framework; sourceTree = SDKROOT; };
		94A94E7015581D14004FB612 /* tp-Info.plist */ = {isa = PBXFileReference; lastKnownFileType = text.plist.xml; path = "tp-Info.plist"; sourceTree = "<group>"; };
		94A94E7215581D14004FB612 /* en */ = {isa = PBXFileReference; lastKnownFileType = text.plist.strings; name = en; path = en.lproj/InfoPlist.strings; sourceTree = "<group>"; };
		94A94E7415581D14004FB612 /* main.m */ = {isa = PBXFileReference; lastKnownFileType = sourcecode.c.objc; path = main.m; sourceTree = "<group>"; };
		94A94E7615581D14004FB612 /* tp-Prefix.pch */ = {isa = PBXFileReference; lastKnownFileType = sourcecode.c.h; path = "tp-Prefix.pch"; sourceTree = "<group>"; };
		94A94E7715581D14004FB612 /* AppDelegate.h */ = {isa = PBXFileReference; lastKnownFileType = sourcecode.c.h; path = AppDelegate.h; sourceTree = "<group>"; };
		94A94E7815581D14004FB612 /* AppDelegate.m */ = {isa = PBXFileReference; lastKnownFileType = sourcecode.c.objc; path = AppDelegate.m; sourceTree = "<group>"; };
		94A94E7B15581D14004FB612 /* en */ = {isa = PBXFileReference; lastKnownFileType = file.storyboard; name = en; path = en.lproj/MainStoryboard.storyboard; sourceTree = "<group>"; };
		94A94E7D15581D14004FB612 /* OrderController.h */ = {isa = PBXFileReference; lastKnownFileType = sourcecode.c.h; path = OrderController.h; sourceTree = "<group>"; };
		94A94E7E15581D14004FB612 /* OrderController.m */ = {isa = PBXFileReference; lastKnownFileType = sourcecode.c.objc; path = OrderController.m; sourceTree = "<group>"; };
		94A94E8515581D14004FB612 /* tpTests.octest */ = {isa = PBXFileReference; explicitFileType = wrapper.cfbundle; includeInIndex = 0; path = tpTests.octest; sourceTree = BUILT_PRODUCTS_DIR; };
		94A94E8615581D14004FB612 /* SenTestingKit.framework */ = {isa = PBXFileReference; lastKnownFileType = wrapper.framework; name = SenTestingKit.framework; path = Library/Frameworks/SenTestingKit.framework; sourceTree = DEVELOPER_DIR; };
		94A94E8E15581D14004FB612 /* tpTests-Info.plist */ = {isa = PBXFileReference; lastKnownFileType = text.plist.xml; path = "tpTests-Info.plist"; sourceTree = "<group>"; };
		94A94E9015581D14004FB612 /* en */ = {isa = PBXFileReference; lastKnownFileType = text.plist.strings; name = en; path = en.lproj/InfoPlist.strings; sourceTree = "<group>"; };
		94A94E9215581D14004FB612 /* tpTests.h */ = {isa = PBXFileReference; lastKnownFileType = sourcecode.c.h; path = tpTests.h; sourceTree = "<group>"; };
		94A94E9315581D14004FB612 /* tpTests.m */ = {isa = PBXFileReference; lastKnownFileType = sourcecode.c.objc; path = tpTests.m; sourceTree = "<group>"; };
		FAE95FFC155A8E5B007F42DA /* wood-bg@2x.png */ = {isa = PBXFileReference; lastKnownFileType = image.png; path = "wood-bg@2x.png"; sourceTree = "<group>"; };
		FAE95FFE155A8E73007F42DA /* navbar.png */ = {isa = PBXFileReference; lastKnownFileType = image.png; path = navbar.png; sourceTree = "<group>"; };
		FAE95FFF155A8E73007F42DA /* wood-bg.png */ = {isa = PBXFileReference; lastKnownFileType = image.png; path = "wood-bg.png"; sourceTree = "<group>"; };
		FAE96007155A9042007F42DA /* AFHTTPClient.h */ = {isa = PBXFileReference; fileEncoding = 4; lastKnownFileType = sourcecode.c.h; path = AFHTTPClient.h; sourceTree = "<group>"; };
		FAE96008155A9042007F42DA /* AFHTTPClient.m */ = {isa = PBXFileReference; fileEncoding = 4; lastKnownFileType = sourcecode.c.objc; path = AFHTTPClient.m; sourceTree = "<group>"; };
		FAE96009155A9042007F42DA /* AFHTTPRequestOperation.h */ = {isa = PBXFileReference; fileEncoding = 4; lastKnownFileType = sourcecode.c.h; path = AFHTTPRequestOperation.h; sourceTree = "<group>"; };
		FAE9600A155A9042007F42DA /* AFHTTPRequestOperation.m */ = {isa = PBXFileReference; fileEncoding = 4; lastKnownFileType = sourcecode.c.objc; path = AFHTTPRequestOperation.m; sourceTree = "<group>"; };
		FAE9600B155A9042007F42DA /* AFImageRequestOperation.h */ = {isa = PBXFileReference; fileEncoding = 4; lastKnownFileType = sourcecode.c.h; path = AFImageRequestOperation.h; sourceTree = "<group>"; };
		FAE9600C155A9042007F42DA /* AFImageRequestOperation.m */ = {isa = PBXFileReference; fileEncoding = 4; lastKnownFileType = sourcecode.c.objc; path = AFImageRequestOperation.m; sourceTree = "<group>"; };
		FAE9600D155A9042007F42DA /* AFJSONRequestOperation.h */ = {isa = PBXFileReference; fileEncoding = 4; lastKnownFileType = sourcecode.c.h; path = AFJSONRequestOperation.h; sourceTree = "<group>"; };
		FAE9600E155A9042007F42DA /* AFJSONRequestOperation.m */ = {isa = PBXFileReference; fileEncoding = 4; lastKnownFileType = sourcecode.c.objc; path = AFJSONRequestOperation.m; sourceTree = "<group>"; };
		FAE9600F155A9042007F42DA /* AFJSONUtilities.h */ = {isa = PBXFileReference; fileEncoding = 4; lastKnownFileType = sourcecode.c.h; path = AFJSONUtilities.h; sourceTree = "<group>"; };
		FAE96010155A9042007F42DA /* AFJSONUtilities.m */ = {isa = PBXFileReference; fileEncoding = 4; lastKnownFileType = sourcecode.c.objc; path = AFJSONUtilities.m; sourceTree = "<group>"; };
		FAE96011155A9042007F42DA /* AFNetworkActivityIndicatorManager.h */ = {isa = PBXFileReference; fileEncoding = 4; lastKnownFileType = sourcecode.c.h; path = AFNetworkActivityIndicatorManager.h; sourceTree = "<group>"; };
		FAE96012155A9042007F42DA /* AFNetworkActivityIndicatorManager.m */ = {isa = PBXFileReference; fileEncoding = 4; lastKnownFileType = sourcecode.c.objc; path = AFNetworkActivityIndicatorManager.m; sourceTree = "<group>"; };
		FAE96013155A9042007F42DA /* AFNetworking.h */ = {isa = PBXFileReference; fileEncoding = 4; lastKnownFileType = sourcecode.c.h; path = AFNetworking.h; sourceTree = "<group>"; };
		FAE96014155A9042007F42DA /* AFPropertyListRequestOperation.h */ = {isa = PBXFileReference; fileEncoding = 4; lastKnownFileType = sourcecode.c.h; path = AFPropertyListRequestOperation.h; sourceTree = "<group>"; };
		FAE96015155A9042007F42DA /* AFPropertyListRequestOperation.m */ = {isa = PBXFileReference; fileEncoding = 4; lastKnownFileType = sourcecode.c.objc; path = AFPropertyListRequestOperation.m; sourceTree = "<group>"; };
		FAE96016155A9042007F42DA /* AFURLConnectionOperation.h */ = {isa = PBXFileReference; fileEncoding = 4; lastKnownFileType = sourcecode.c.h; path = AFURLConnectionOperation.h; sourceTree = "<group>"; };
		FAE96017155A9042007F42DA /* AFURLConnectionOperation.m */ = {isa = PBXFileReference; fileEncoding = 4; lastKnownFileType = sourcecode.c.objc; path = AFURLConnectionOperation.m; sourceTree = "<group>"; };
		FAE96018155A9042007F42DA /* AFXMLRequestOperation.h */ = {isa = PBXFileReference; fileEncoding = 4; lastKnownFileType = sourcecode.c.h; path = AFXMLRequestOperation.h; sourceTree = "<group>"; };
		FAE96019155A9042007F42DA /* AFXMLRequestOperation.m */ = {isa = PBXFileReference; fileEncoding = 4; lastKnownFileType = sourcecode.c.objc; path = AFXMLRequestOperation.m; sourceTree = "<group>"; };
		FAE9601A155A9042007F42DA /* UIImageView+AFNetworking.h */ = {isa = PBXFileReference; fileEncoding = 4; lastKnownFileType = sourcecode.c.h; path = "UIImageView+AFNetworking.h"; sourceTree = "<group>"; };
		FAE9601B155A9042007F42DA /* UIImageView+AFNetworking.m */ = {isa = PBXFileReference; fileEncoding = 4; lastKnownFileType = sourcecode.c.objc; path = "UIImageView+AFNetworking.m"; sourceTree = "<group>"; };
		FAE9602B155B074F007F42DA /* gear.png */ = {isa = PBXFileReference; lastKnownFileType = image.png; path = gear.png; sourceTree = "<group>"; };
		FAE9602C155B074F007F42DA /* gear@2x.png */ = {isa = PBXFileReference; lastKnownFileType = image.png; path = "gear@2x.png"; sourceTree = "<group>"; };
		FAE9602F155B08E4007F42DA /* UIBarButtonItem+Borderless.h */ = {isa = PBXFileReference; fileEncoding = 4; lastKnownFileType = sourcecode.c.h; path = "UIBarButtonItem+Borderless.h"; sourceTree = "<group>"; };
		FAE96030155B08E4007F42DA /* UIBarButtonItem+Borderless.m */ = {isa = PBXFileReference; fileEncoding = 4; lastKnownFileType = sourcecode.c.objc; path = "UIBarButtonItem+Borderless.m"; sourceTree = "<group>"; };
		FAE96032155C7E69007F42DA /* premium@2x.png */ = {isa = PBXFileReference; lastKnownFileType = image.png; path = "premium@2x.png"; sourceTree = "<group>"; };
		FAE96033155C7E69007F42DA /* bottom-bg@2x.png */ = {isa = PBXFileReference; lastKnownFileType = image.png; path = "bottom-bg@2x.png"; sourceTree = "<group>"; };
		FAE96034155C7E69007F42DA /* regular@2x.png */ = {isa = PBXFileReference; lastKnownFileType = image.png; path = "regular@2x.png"; sourceTree = "<group>"; };
		FAE96035155C7E69007F42DA /* navbar@2x.png */ = {isa = PBXFileReference; lastKnownFileType = image.png; path = "navbar@2x.png"; sourceTree = "<group>"; };
/* End PBXFileReference section */

/* Begin PBXFrameworksBuildPhase section */
		94A94E6115581D13004FB612 /* Frameworks */ = {
			isa = PBXFrameworksBuildPhase;
			buildActionMask = 2147483647;
			files = (
				94A94E6915581D14004FB612 /* UIKit.framework in Frameworks */,
				94A94E6B15581D14004FB612 /* Foundation.framework in Frameworks */,
				94A94E6D15581D14004FB612 /* CoreGraphics.framework in Frameworks */,
			);
			runOnlyForDeploymentPostprocessing = 0;
		};
		94A94E8115581D14004FB612 /* Frameworks */ = {
			isa = PBXFrameworksBuildPhase;
			buildActionMask = 2147483647;
			files = (
				94A94E8715581D14004FB612 /* SenTestingKit.framework in Frameworks */,
				94A94E8815581D14004FB612 /* UIKit.framework in Frameworks */,
				94A94E8915581D14004FB612 /* Foundation.framework in Frameworks */,
			);
			runOnlyForDeploymentPostprocessing = 0;
		};
/* End PBXFrameworksBuildPhase section */

/* Begin PBXGroup section */
		94A94E5915581D13004FB612 = {
			isa = PBXGroup;
			children = (
				FAE96006155A9042007F42DA /* AFNetworking */,
				94A94E6E15581D14004FB612 /* tp */,
				94A94E8C15581D14004FB612 /* tpTests */,
				94A94E6715581D13004FB612 /* Frameworks */,
				94A94E6515581D13004FB612 /* Products */,
			);
			sourceTree = "<group>";
		};
		94A94E6515581D13004FB612 /* Products */ = {
			isa = PBXGroup;
			children = (
				94A94E6415581D13004FB612 /* tp.app */,
				94A94E8515581D14004FB612 /* tpTests.octest */,
			);
			name = Products;
			sourceTree = "<group>";
		};
		94A94E6715581D13004FB612 /* Frameworks */ = {
			isa = PBXGroup;
			children = (
				94A94E6815581D14004FB612 /* UIKit.framework */,
				94A94E6A15581D14004FB612 /* Foundation.framework */,
				94A94E6C15581D14004FB612 /* CoreGraphics.framework */,
				94A94E8615581D14004FB612 /* SenTestingKit.framework */,
			);
			name = Frameworks;
			sourceTree = "<group>";
		};
		94A94E6E15581D14004FB612 /* tp */ = {
			isa = PBXGroup;
			children = (
				FAE9602A155AA454007F42DA /* controllers */,
				FAE95FF8155A8E21007F42DA /* assets */,
				94A94E7715581D14004FB612 /* AppDelegate.h */,
				94A94E7815581D14004FB612 /* AppDelegate.m */,
				94A94E7A15581D14004FB612 /* MainStoryboard.storyboard */,
				94A94E6F15581D14004FB612 /* Supporting Files */,
				FAE9602F155B08E4007F42DA /* UIBarButtonItem+Borderless.h */,
				FAE96030155B08E4007F42DA /* UIBarButtonItem+Borderless.m */,
			);
			path = tp;
			sourceTree = "<group>";
		};
		94A94E6F15581D14004FB612 /* Supporting Files */ = {
			isa = PBXGroup;
			children = (
				94A94E7015581D14004FB612 /* tp-Info.plist */,
				94A94E7115581D14004FB612 /* InfoPlist.strings */,
				94A94E7415581D14004FB612 /* main.m */,
				94A94E7615581D14004FB612 /* tp-Prefix.pch */,
			);
			name = "Supporting Files";
			sourceTree = "<group>";
		};
		94A94E8C15581D14004FB612 /* tpTests */ = {
			isa = PBXGroup;
			children = (
				94A94E9215581D14004FB612 /* tpTests.h */,
				94A94E9315581D14004FB612 /* tpTests.m */,
				94A94E8D15581D14004FB612 /* Supporting Files */,
			);
			path = tpTests;
			sourceTree = "<group>";
		};
		94A94E8D15581D14004FB612 /* Supporting Files */ = {
			isa = PBXGroup;
			children = (
				94A94E8E15581D14004FB612 /* tpTests-Info.plist */,
				94A94E8F15581D14004FB612 /* InfoPlist.strings */,
			);
			name = "Supporting Files";
			sourceTree = "<group>";
		};
		FAE95FF8155A8E21007F42DA /* assets */ = {
			isa = PBXGroup;
			children = (
				FAE96032155C7E69007F42DA /* premium@2x.png */,
				FAE96033155C7E69007F42DA /* bottom-bg@2x.png */,
				FAE96034155C7E69007F42DA /* regular@2x.png */,
				FAE96035155C7E69007F42DA /* navbar@2x.png */,
				FAE9602B155B074F007F42DA /* gear.png */,
				FAE9602C155B074F007F42DA /* gear@2x.png */,
				FAE95FFE155A8E73007F42DA /* navbar.png */,
				FAE95FFF155A8E73007F42DA /* wood-bg.png */,
				FAE95FFC155A8E5B007F42DA /* wood-bg@2x.png */,
			);
			name = assets;
			sourceTree = "<group>";
		};
		FAE96006155A9042007F42DA /* AFNetworking */ = {
			isa = PBXGroup;
			children = (
				FAE96007155A9042007F42DA /* AFHTTPClient.h */,
				FAE96008155A9042007F42DA /* AFHTTPClient.m */,
				FAE96009155A9042007F42DA /* AFHTTPRequestOperation.h */,
				FAE9600A155A9042007F42DA /* AFHTTPRequestOperation.m */,
				FAE9600B155A9042007F42DA /* AFImageRequestOperation.h */,
				FAE9600C155A9042007F42DA /* AFImageRequestOperation.m */,
				FAE9600D155A9042007F42DA /* AFJSONRequestOperation.h */,
				FAE9600E155A9042007F42DA /* AFJSONRequestOperation.m */,
				FAE9600F155A9042007F42DA /* AFJSONUtilities.h */,
				FAE96010155A9042007F42DA /* AFJSONUtilities.m */,
				FAE96011155A9042007F42DA /* AFNetworkActivityIndicatorManager.h */,
				FAE96012155A9042007F42DA /* AFNetworkActivityIndicatorManager.m */,
				FAE96013155A9042007F42DA /* AFNetworking.h */,
				FAE96014155A9042007F42DA /* AFPropertyListRequestOperation.h */,
				FAE96015155A9042007F42DA /* AFPropertyListRequestOperation.m */,
				FAE96016155A9042007F42DA /* AFURLConnectionOperation.h */,
				FAE96017155A9042007F42DA /* AFURLConnectionOperation.m */,
				FAE96018155A9042007F42DA /* AFXMLRequestOperation.h */,
				FAE96019155A9042007F42DA /* AFXMLRequestOperation.m */,
				FAE9601A155A9042007F42DA /* UIImageView+AFNetworking.h */,
				FAE9601B155A9042007F42DA /* UIImageView+AFNetworking.m */,
			);
			path = AFNetworking;
			sourceTree = "<group>";
		};
		FAE9602A155AA454007F42DA /* controllers */ = {
			isa = PBXGroup;
			children = (
				94A94E7D15581D14004FB612 /* OrderController.h */,
				94A94E7E15581D14004FB612 /* OrderController.m */,
			);
			name = controllers;
			sourceTree = "<group>";
		};
/* End PBXGroup section */

/* Begin PBXNativeTarget section */
		94A94E6315581D13004FB612 /* tp */ = {
			isa = PBXNativeTarget;
			buildConfigurationList = 94A94E9715581D14004FB612 /* Build configuration list for PBXNativeTarget "tp" */;
			buildPhases = (
				94A94E6015581D13004FB612 /* Sources */,
				94A94E6115581D13004FB612 /* Frameworks */,
				94A94E6215581D13004FB612 /* Resources */,
			);
			buildRules = (
			);
			dependencies = (
			);
			name = tp;
			productName = tp;
			productReference = 94A94E6415581D13004FB612 /* tp.app */;
			productType = "com.apple.product-type.application";
		};
		94A94E8415581D14004FB612 /* tpTests */ = {
			isa = PBXNativeTarget;
			buildConfigurationList = 94A94E9A15581D14004FB612 /* Build configuration list for PBXNativeTarget "tpTests" */;
			buildPhases = (
				94A94E8015581D14004FB612 /* Sources */,
				94A94E8115581D14004FB612 /* Frameworks */,
				94A94E8215581D14004FB612 /* Resources */,
				94A94E8315581D14004FB612 /* ShellScript */,
			);
			buildRules = (
			);
			dependencies = (
				94A94E8B15581D14004FB612 /* PBXTargetDependency */,
			);
			name = tpTests;
			productName = tpTests;
			productReference = 94A94E8515581D14004FB612 /* tpTests.octest */;
			productType = "com.apple.product-type.bundle";
		};
/* End PBXNativeTarget section */

/* Begin PBXProject section */
		94A94E5B15581D13004FB612 /* Project object */ = {
			isa = PBXProject;
			attributes = {
				LastUpgradeCheck = 0430;
			};
			buildConfigurationList = 94A94E5E15581D13004FB612 /* Build configuration list for PBXProject "tp" */;
			compatibilityVersion = "Xcode 3.2";
			developmentRegion = English;
			hasScannedForEncodings = 0;
			knownRegions = (
				en,
			);
			mainGroup = 94A94E5915581D13004FB612;
			productRefGroup = 94A94E6515581D13004FB612 /* Products */;
			projectDirPath = "";
			projectRoot = "";
			targets = (
				94A94E6315581D13004FB612 /* tp */,
				94A94E8415581D14004FB612 /* tpTests */,
			);
		};
/* End PBXProject section */

/* Begin PBXResourcesBuildPhase section */
		94A94E6215581D13004FB612 /* Resources */ = {
			isa = PBXResourcesBuildPhase;
			buildActionMask = 2147483647;
			files = (
				94A94E7315581D14004FB612 /* InfoPlist.strings in Resources */,
				94A94E7C15581D14004FB612 /* MainStoryboard.storyboard in Resources */,
				FAE95FFD155A8E5B007F42DA /* wood-bg@2x.png in Resources */,
				FAE96000155A8E73007F42DA /* navbar.png in Resources */,
				FAE96001155A8E73007F42DA /* wood-bg.png in Resources */,
				FAE9602D155B074F007F42DA /* gear.png in Resources */,
				FAE9602E155B074F007F42DA /* gear@2x.png in Resources */,
				FAE96036155C7E69007F42DA /* premium@2x.png in Resources */,
				FAE96037155C7E69007F42DA /* bottom-bg@2x.png in Resources */,
				FAE96038155C7E69007F42DA /* regular@2x.png in Resources */,
				FAE96039155C7E69007F42DA /* navbar@2x.png in Resources */,
			);
			runOnlyForDeploymentPostprocessing = 0;
		};
		94A94E8215581D14004FB612 /* Resources */ = {
			isa = PBXResourcesBuildPhase;
			buildActionMask = 2147483647;
			files = (
				94A94E9115581D14004FB612 /* InfoPlist.strings in Resources */,
			);
			runOnlyForDeploymentPostprocessing = 0;
		};
/* End PBXResourcesBuildPhase section */

/* Begin PBXShellScriptBuildPhase section */
		94A94E8315581D14004FB612 /* ShellScript */ = {
			isa = PBXShellScriptBuildPhase;
			buildActionMask = 2147483647;
			files = (
			);
			inputPaths = (
			);
			outputPaths = (
			);
			runOnlyForDeploymentPostprocessing = 0;
			shellPath = /bin/sh;
			shellScript = "# Run the unit tests in this test bundle.\n\"${SYSTEM_DEVELOPER_DIR}/Tools/RunUnitTests\"\n";
		};
/* End PBXShellScriptBuildPhase section */

/* Begin PBXSourcesBuildPhase section */
		94A94E6015581D13004FB612 /* Sources */ = {
			isa = PBXSourcesBuildPhase;
			buildActionMask = 2147483647;
			files = (
				94A94E7515581D14004FB612 /* main.m in Sources */,
				94A94E7915581D14004FB612 /* AppDelegate.m in Sources */,
				94A94E7F15581D14004FB612 /* OrderController.m in Sources */,
				FAE9601C155A9042007F42DA /* AFHTTPClient.m in Sources */,
				FAE9601D155A9042007F42DA /* AFHTTPRequestOperation.m in Sources */,
				FAE9601E155A9042007F42DA /* AFImageRequestOperation.m in Sources */,
				FAE9601F155A9042007F42DA /* AFJSONRequestOperation.m in Sources */,
				FAE96020155A9042007F42DA /* AFJSONUtilities.m in Sources */,
				FAE96021155A9042007F42DA /* AFNetworkActivityIndicatorManager.m in Sources */,
				FAE96022155A9042007F42DA /* AFPropertyListRequestOperation.m in Sources */,
				FAE96023155A9042007F42DA /* AFURLConnectionOperation.m in Sources */,
				FAE96024155A9042007F42DA /* AFXMLRequestOperation.m in Sources */,
				FAE96025155A9042007F42DA /* UIImageView+AFNetworking.m in Sources */,
				FAE96031155B08E4007F42DA /* UIBarButtonItem+Borderless.m in Sources */,
			);
			runOnlyForDeploymentPostprocessing = 0;
		};
		94A94E8015581D14004FB612 /* Sources */ = {
			isa = PBXSourcesBuildPhase;
			buildActionMask = 2147483647;
			files = (
				94A94E9415581D14004FB612 /* tpTests.m in Sources */,
			);
			runOnlyForDeploymentPostprocessing = 0;
		};
/* End PBXSourcesBuildPhase section */

/* Begin PBXTargetDependency section */
		94A94E8B15581D14004FB612 /* PBXTargetDependency */ = {
			isa = PBXTargetDependency;
			target = 94A94E6315581D13004FB612 /* tp */;
			targetProxy = 94A94E8A15581D14004FB612 /* PBXContainerItemProxy */;
		};
/* End PBXTargetDependency section */

/* Begin PBXVariantGroup section */
		94A94E7115581D14004FB612 /* InfoPlist.strings */ = {
			isa = PBXVariantGroup;
			children = (
				94A94E7215581D14004FB612 /* en */,
			);
			name = InfoPlist.strings;
			sourceTree = "<group>";
		};
		94A94E7A15581D14004FB612 /* MainStoryboard.storyboard */ = {
			isa = PBXVariantGroup;
			children = (
				94A94E7B15581D14004FB612 /* en */,
			);
			name = MainStoryboard.storyboard;
			sourceTree = "<group>";
		};
		94A94E8F15581D14004FB612 /* InfoPlist.strings */ = {
			isa = PBXVariantGroup;
			children = (
				94A94E9015581D14004FB612 /* en */,
			);
			name = InfoPlist.strings;
			sourceTree = "<group>";
		};
/* End PBXVariantGroup section */

/* Begin XCBuildConfiguration section */
		94A94E9515581D14004FB612 /* Debug */ = {
			isa = XCBuildConfiguration;
			buildSettings = {
				"ADDITIONAL_SDKS[arch=*]" = "";
				ALWAYS_SEARCH_USER_PATHS = NO;
				ARCHS = "$(ARCHS_STANDARD_32_BIT)";
				CLANG_ENABLE_OBJC_ARC = YES;
				"CODE_SIGN_IDENTITY[sdk=iphoneos*]" = "iPhone Developer";
				COPY_PHASE_STRIP = NO;
				GCC_C_LANGUAGE_STANDARD = gnu99;
				GCC_DYNAMIC_NO_PIC = NO;
				GCC_OPTIMIZATION_LEVEL = 0;
				GCC_PREPROCESSOR_DEFINITIONS = (
					"DEBUG=1",
					"$(inherited)",
				);
				GCC_SYMBOLS_PRIVATE_EXTERN = NO;
				GCC_VERSION = com.apple.compilers.llvm.clang.1_0;
				GCC_WARN_ABOUT_RETURN_TYPE = YES;
				GCC_WARN_UNINITIALIZED_AUTOS = YES;
				GCC_WARN_UNUSED_VARIABLE = YES;
				IPHONEOS_DEPLOYMENT_TARGET = 5.1;
				SDKROOT = iphoneos;
			};
			name = Debug;
		};
		94A94E9615581D14004FB612 /* Release */ = {
			isa = XCBuildConfiguration;
			buildSettings = {
				ALWAYS_SEARCH_USER_PATHS = NO;
				ARCHS = "$(ARCHS_STANDARD_32_BIT)";
				CLANG_ENABLE_OBJC_ARC = YES;
				"CODE_SIGN_IDENTITY[sdk=iphoneos*]" = "iPhone Developer";
				COPY_PHASE_STRIP = YES;
				GCC_C_LANGUAGE_STANDARD = gnu99;
				GCC_VERSION = com.apple.compilers.llvm.clang.1_0;
				GCC_WARN_ABOUT_RETURN_TYPE = YES;
				GCC_WARN_UNINITIALIZED_AUTOS = YES;
				GCC_WARN_UNUSED_VARIABLE = YES;
				IPHONEOS_DEPLOYMENT_TARGET = 5.1;
				OTHER_CFLAGS = "-DNS_BLOCK_ASSERTIONS=1";
				SDKROOT = iphoneos;
				VALIDATE_PRODUCT = YES;
			};
			name = Release;
		};
		94A94E9815581D14004FB612 /* Debug */ = {
			isa = XCBuildConfiguration;
			buildSettings = {
				CODE_SIGN_IDENTITY = "iPhone Developer: Ryan Romanchuk (RJ6W6Q2JLW)";
				GCC_PRECOMPILE_PREFIX_HEADER = YES;
				GCC_PREFIX_HEADER = "tp/tp-Prefix.pch";
				INFOPLIST_FILE = "tp/tp-Info.plist";
				PRODUCT_NAME = "$(TARGET_NAME)";
				PROVISIONING_PROFILE = "2B22BF8C-7B15-470E-88EC-241CF756A209";
				WRAPPER_EXTENSION = app;
			};
			name = Debug;
		};
		94A94E9915581D14004FB612 /* Release */ = {
			isa = XCBuildConfiguration;
			buildSettings = {
				CODE_SIGN_IDENTITY = "iPhone Developer: Ryan Romanchuk (RJ6W6Q2JLW)";
				GCC_PRECOMPILE_PREFIX_HEADER = YES;
				GCC_PREFIX_HEADER = "tp/tp-Prefix.pch";
				INFOPLIST_FILE = "tp/tp-Info.plist";
				PRODUCT_NAME = "$(TARGET_NAME)";
				PROVISIONING_PROFILE = "2B22BF8C-7B15-470E-88EC-241CF756A209";
				WRAPPER_EXTENSION = app;
			};
			name = Release;
		};
		94A94E9B15581D14004FB612 /* Debug */ = {
			isa = XCBuildConfiguration;
			buildSettings = {
				BUNDLE_LOADER = "$(BUILT_PRODUCTS_DIR)/tp.app/tp";
				FRAMEWORK_SEARCH_PATHS = (
					"$(SDKROOT)/Developer/Library/Frameworks",
					"$(DEVELOPER_LIBRARY_DIR)/Frameworks",
				);
				GCC_PRECOMPILE_PREFIX_HEADER = YES;
				GCC_PREFIX_HEADER = "tp/tp-Prefix.pch";
				INFOPLIST_FILE = "tpTests/tpTests-Info.plist";
				PRODUCT_NAME = "$(TARGET_NAME)";
				TEST_HOST = "$(BUNDLE_LOADER)";
				WRAPPER_EXTENSION = octest;
			};
			name = Debug;
		};
		94A94E9C15581D14004FB612 /* Release */ = {
			isa = XCBuildConfiguration;
			buildSettings = {
				BUNDLE_LOADER = "$(BUILT_PRODUCTS_DIR)/tp.app/tp";
				FRAMEWORK_SEARCH_PATHS = (
					"$(SDKROOT)/Developer/Library/Frameworks",
					"$(DEVELOPER_LIBRARY_DIR)/Frameworks",
				);
				GCC_PRECOMPILE_PREFIX_HEADER = YES;
				GCC_PREFIX_HEADER = "tp/tp-Prefix.pch";
				INFOPLIST_FILE = "tpTests/tpTests-Info.plist";
				PRODUCT_NAME = "$(TARGET_NAME)";
				TEST_HOST = "$(BUNDLE_LOADER)";
				WRAPPER_EXTENSION = octest;
			};
			name = Release;
		};
/* End XCBuildConfiguration section */

/* Begin XCConfigurationList section */
		94A94E5E15581D13004FB612 /* Build configuration list for PBXProject "tp" */ = {
			isa = XCConfigurationList;
			buildConfigurations = (
				94A94E9515581D14004FB612 /* Debug */,
				94A94E9615581D14004FB612 /* Release */,
			);
			defaultConfigurationIsVisible = 0;
			defaultConfigurationName = Release;
		};
		94A94E9715581D14004FB612 /* Build configuration list for PBXNativeTarget "tp" */ = {
			isa = XCConfigurationList;
			buildConfigurations = (
				94A94E9815581D14004FB612 /* Debug */,
				94A94E9915581D14004FB612 /* Release */,
			);
			defaultConfigurationIsVisible = 0;
			defaultConfigurationName = Release;
		};
		94A94E9A15581D14004FB612 /* Build configuration list for PBXNativeTarget "tpTests" */ = {
			isa = XCConfigurationList;
			buildConfigurations = (
				94A94E9B15581D14004FB612 /* Debug */,
				94A94E9C15581D14004FB612 /* Release */,
			);
			defaultConfigurationIsVisible = 0;
			defaultConfigurationName = Release;
		};
/* End XCConfigurationList section */
	};
	rootObject = 94A94E5B15581D13004FB612 /* Project object */;
}
