// !$*UTF8*$!
{
	archiveVersion = 1;
	classes = {
	};
	objectVersion = 46;
	objects = {

/* Begin PBXBuildFile section */
		641B5486F5064D0BA9D89231 /* libPods.a in Frameworks */ = {isa = PBXBuildFile; fileRef = 2D219AC1EF104A83B9FC98F2 /* libPods.a */; };
		94A0A18B1647E430004A8608 /* RestClient.m in Sources */ = {isa = PBXBuildFile; fileRef = 94A0A18A1647E430004A8608 /* RestClient.m */; };
		94A0A1981647EAA9004A8608 /* Order+Manage.m in Sources */ = {isa = PBXBuildFile; fileRef = 94A0A1971647EAA8004A8608 /* Order+Manage.m */; };
		94A94E6915581D14004FB612 /* UIKit.framework in Frameworks */ = {isa = PBXBuildFile; fileRef = 94A94E6815581D14004FB612 /* UIKit.framework */; };
		94A94E6B15581D14004FB612 /* Foundation.framework in Frameworks */ = {isa = PBXBuildFile; fileRef = 94A94E6A15581D14004FB612 /* Foundation.framework */; };
		94A94E6D15581D14004FB612 /* CoreGraphics.framework in Frameworks */ = {isa = PBXBuildFile; fileRef = 94A94E6C15581D14004FB612 /* CoreGraphics.framework */; };
		94A94E7315581D14004FB612 /* InfoPlist.strings in Resources */ = {isa = PBXBuildFile; fileRef = 94A94E7115581D14004FB612 /* InfoPlist.strings */; };
		94A94E7515581D14004FB612 /* main.m in Sources */ = {isa = PBXBuildFile; fileRef = 94A94E7415581D14004FB612 /* main.m */; };
		94A94E7915581D14004FB612 /* AppDelegate.m in Sources */ = {isa = PBXBuildFile; fileRef = 94A94E7815581D14004FB612 /* AppDelegate.m */; };
		94A94E7C15581D14004FB612 /* MainStoryboard.storyboard in Resources */ = {isa = PBXBuildFile; fileRef = 94A94E7A15581D14004FB612 /* MainStoryboard.storyboard */; };
		94A94E7F15581D14004FB612 /* OrderController.m in Sources */ = {isa = PBXBuildFile; fileRef = 94A94E7E15581D14004FB612 /* OrderController.m */; };
		94A94E8715581D14004FB612 /* SenTestingKit.framework in Frameworks */ = {isa = PBXBuildFile; fileRef = 94A94E8615581D14004FB612 /* SenTestingKit.framework */; };
		94A94E8815581D14004FB612 /* UIKit.framework in Frameworks */ = {isa = PBXBuildFile; fileRef = 94A94E6815581D14004FB612 /* UIKit.framework */; };
		94A94E8915581D14004FB612 /* Foundation.framework in Frameworks */ = {isa = PBXBuildFile; fileRef = 94A94E6A15581D14004FB612 /* Foundation.framework */; };
		94A94E9115581D14004FB612 /* InfoPlist.strings in Resources */ = {isa = PBXBuildFile; fileRef = 94A94E8F15581D14004FB612 /* InfoPlist.strings */; };
		94A94E9415581D14004FB612 /* tpTests.m in Sources */ = {isa = PBXBuildFile; fileRef = 94A94E9315581D14004FB612 /* tpTests.m */; };
		FA26D07F156EBEE70029463E /* form-bg@2x.png in Resources */ = {isa = PBXBuildFile; fileRef = FA26D07E156EBEE70029463E /* form-bg@2x.png */; };
		FA26D081156EBFE80029463E /* form-bg.png in Resources */ = {isa = PBXBuildFile; fileRef = FA26D080156EBFE80029463E /* form-bg.png */; };
		FA2E2BC015E56DA400BAAD44 /* paid.png in Resources */ = {isa = PBXBuildFile; fileRef = FA2E2BB415E56DA400BAAD44 /* paid.png */; };
		FA2E2BC115E56DA400BAAD44 /* paid@2x.png in Resources */ = {isa = PBXBuildFile; fileRef = FA2E2BB515E56DA400BAAD44 /* paid@2x.png */; };
		FA2E2BC215E56DA400BAAD44 /* paper.png in Resources */ = {isa = PBXBuildFile; fileRef = FA2E2BB615E56DA400BAAD44 /* paper.png */; };
		FA2E2BC315E56DA400BAAD44 /* paper@2x.png in Resources */ = {isa = PBXBuildFile; fileRef = FA2E2BB715E56DA400BAAD44 /* paper@2x.png */; };
		FA2E2BC415E56DA400BAAD44 /* radiant-tp.png in Resources */ = {isa = PBXBuildFile; fileRef = FA2E2BB815E56DA400BAAD44 /* radiant-tp.png */; };
		FA2E2BC515E56DA400BAAD44 /* radiant-tp@2x.png in Resources */ = {isa = PBXBuildFile; fileRef = FA2E2BB915E56DA400BAAD44 /* radiant-tp@2x.png */; };
		FA2E2BC615E56DA400BAAD44 /* receipt-bg.png in Resources */ = {isa = PBXBuildFile; fileRef = FA2E2BBA15E56DA400BAAD44 /* receipt-bg.png */; };
		FA2E2BC715E56DA400BAAD44 /* receipt-bg@2x.png in Resources */ = {isa = PBXBuildFile; fileRef = FA2E2BBB15E56DA400BAAD44 /* receipt-bg@2x.png */; };
		FA2E2BC815E56DA400BAAD44 /* sms.png in Resources */ = {isa = PBXBuildFile; fileRef = FA2E2BBC15E56DA400BAAD44 /* sms.png */; };
		FA2E2BC915E56DA400BAAD44 /* sms@2x.png in Resources */ = {isa = PBXBuildFile; fileRef = FA2E2BBD15E56DA400BAAD44 /* sms@2x.png */; };
		FA2E2BCA15E56DA400BAAD44 /* van.png in Resources */ = {isa = PBXBuildFile; fileRef = FA2E2BBE15E56DA400BAAD44 /* van.png */; };
		FA2E2BCB15E56DA400BAAD44 /* van@2x.png in Resources */ = {isa = PBXBuildFile; fileRef = FA2E2BBF15E56DA400BAAD44 /* van@2x.png */; };
		FA2E2BCF15E579A300BAAD44 /* accept-button.png in Resources */ = {isa = PBXBuildFile; fileRef = FA2E2BCD15E579A300BAAD44 /* accept-button.png */; };
		FA2E2BD015E579A300BAAD44 /* accept-button@2x.png in Resources */ = {isa = PBXBuildFile; fileRef = FA2E2BCE15E579A300BAAD44 /* accept-button@2x.png */; };
		FA49999A15697FAB004A2287 /* Arvil_Sans.ttf in Resources */ = {isa = PBXBuildFile; fileRef = FA49999915697FAB004A2287 /* Arvil_Sans.ttf */; };
		FA844ABA15FD016800715100 /* lines.png in Resources */ = {isa = PBXBuildFile; fileRef = FA844AB815FD016800715100 /* lines.png */; };
		FA844ABB15FD016800715100 /* lines@2x.png in Resources */ = {isa = PBXBuildFile; fileRef = FA844AB915FD016800715100 /* lines@2x.png */; };
		FA865496160E4EAC00DAB476 /* Tp.xcdatamodeld in Sources */ = {isa = PBXBuildFile; fileRef = FA865494160E4EAC00DAB476 /* Tp.xcdatamodeld */; };
		FA8654A5160E572D00DAB476 /* User+Manage.m in Sources */ = {isa = PBXBuildFile; fileRef = FA8654A4160E572D00DAB476 /* User+Manage.m */; };
		FA8E9F17158CF62C00CB6F5B /* Config.m in Sources */ = {isa = PBXBuildFile; fileRef = FA8E9F16158CF62C00CB6F5B /* Config.m */; };
		FA8E9F19158CF67300CB6F5B /* Environments.plist in Resources */ = {isa = PBXBuildFile; fileRef = FA8E9F18158CF67300CB6F5B /* Environments.plist */; };
		FA8E9F1D158DDED700CB6F5B /* UIApplication+NetworkActivityIndicator.m in Sources */ = {isa = PBXBuildFile; fileRef = FA8E9F1C158DDED700CB6F5B /* UIApplication+NetworkActivityIndicator.m */; };
		FA9FF8E91658278D00015F7E /* RestOrder.m in Sources */ = {isa = PBXBuildFile; fileRef = FA9FF8E81658278D00015F7E /* RestOrder.m */; };
		FA9FF8ED165827B800015F7E /* RestObject.m in Sources */ = {isa = PBXBuildFile; fileRef = FA9FF8EC165827B800015F7E /* RestObject.m */; };
		FA9FF93B165941AB00015F7E /* Order.m in Sources */ = {isa = PBXBuildFile; fileRef = FA9FF93A165941AB00015F7E /* Order.m */; };
		FAA11B7A1560401B0005CAFA /* order@2x.png in Resources */ = {isa = PBXBuildFile; fileRef = FAA11B781560401B0005CAFA /* order@2x.png */; };
		FAA11B7B1560401B0005CAFA /* quantity@2x.png in Resources */ = {isa = PBXBuildFile; fileRef = FAA11B791560401B0005CAFA /* quantity@2x.png */; };
		FAA11B7E156040A00005CAFA /* order.png in Resources */ = {isa = PBXBuildFile; fileRef = FAA11B7C156040A00005CAFA /* order.png */; };
		FAA11B7F156040A00005CAFA /* quanity.png in Resources */ = {isa = PBXBuildFile; fileRef = FAA11B7D156040A00005CAFA /* quanity.png */; };
		FAA11B81156049EE0005CAFA /* libz.dylib in Frameworks */ = {isa = PBXBuildFile; fileRef = FAA11B80156049EE0005CAFA /* libz.dylib */; };
		FAA11B9115659A8D0005CAFA /* ProximaNova-Regular.otf in Resources */ = {isa = PBXBuildFile; fileRef = FAA11B9015659A8D0005CAFA /* ProximaNova-Regular.otf */; };
		FAA525A516027EC300B9393A /* fb.png in Resources */ = {isa = PBXBuildFile; fileRef = FAA525A116027EC300B9393A /* fb.png */; };
		FAA525A616027EC300B9393A /* fb@2x.png in Resources */ = {isa = PBXBuildFile; fileRef = FAA525A216027EC300B9393A /* fb@2x.png */; };
		FAA525A716027EC300B9393A /* tw.png in Resources */ = {isa = PBXBuildFile; fileRef = FAA525A316027EC300B9393A /* tw.png */; };
		FAA525A816027EC300B9393A /* tw@2x.png in Resources */ = {isa = PBXBuildFile; fileRef = FAA525A416027EC300B9393A /* tw@2x.png */; };
		FAA525AC1602832D00B9393A /* email.png in Resources */ = {isa = PBXBuildFile; fileRef = FAA525AA1602832D00B9393A /* email.png */; };
		FAA525AD1602832D00B9393A /* email@2x.png in Resources */ = {isa = PBXBuildFile; fileRef = FAA525AB1602832D00B9393A /* email@2x.png */; };
		FAA7AD08156ED4F9005128B4 /* bottom-bg-address.png in Resources */ = {isa = PBXBuildFile; fileRef = FAA7AD06156ED4F9005128B4 /* bottom-bg-address.png */; };
		FAA7AD09156ED4F9005128B4 /* bottom-bg-address@2x.png in Resources */ = {isa = PBXBuildFile; fileRef = FAA7AD07156ED4F9005128B4 /* bottom-bg-address@2x.png */; };
		FAA7AD0C156EE0E0005128B4 /* ProximaNova-Semibold.otf in Resources */ = {isa = PBXBuildFile; fileRef = FAA7AD0B156EE0E0005128B4 /* ProximaNova-Semibold.otf */; };
		FAA7AD1015718CB8005128B4 /* backup@2x.png in Resources */ = {isa = PBXBuildFile; fileRef = FAA7AD0D15718CB8005128B4 /* backup@2x.png */; };
		FAA7AD1615718D91005128B4 /* backup.png in Resources */ = {isa = PBXBuildFile; fileRef = FAA7AD1315718D91005128B4 /* backup.png */; };
		FAAB1197164E8725001C7597 /* bg.png in Resources */ = {isa = PBXBuildFile; fileRef = FAAB1195164E8725001C7597 /* bg.png */; };
		FAAB1198164E8725001C7597 /* bg@2x.png in Resources */ = {isa = PBXBuildFile; fileRef = FAAB1196164E8725001C7597 /* bg@2x.png */; };
		FAAB119D164E91FF001C7597 /* WoodView.m in Sources */ = {isa = PBXBuildFile; fileRef = FAAB119C164E91FF001C7597 /* WoodView.m */; };
		FAAB11A0164E92DF001C7597 /* TexturedView.m in Sources */ = {isa = PBXBuildFile; fileRef = FAAB119F164E92DF001C7597 /* TexturedView.m */; };
		FAAB11A3164E9B12001C7597 /* FormView.m in Sources */ = {isa = PBXBuildFile; fileRef = FAAB11A2164E9B12001C7597 /* FormView.m */; };
		FAAC5265158545E3009E9811 /* SettingsController.m in Sources */ = {isa = PBXBuildFile; fileRef = FAAC5264158545E3009E9811 /* SettingsController.m */; };
		FAC46BAD160F101C00D0F647 /* CoreData.framework in Frameworks */ = {isa = PBXBuildFile; fileRef = FAC46BAC160F101C00D0F647 /* CoreData.framework */; };
		FAC46BB1160FA2BE00D0F647 /* quantity-pressed.png in Resources */ = {isa = PBXBuildFile; fileRef = FAC46BAF160FA2BE00D0F647 /* quantity-pressed.png */; };
		FAC46BB2160FA2BE00D0F647 /* quantity-pressed@2x.png in Resources */ = {isa = PBXBuildFile; fileRef = FAC46BB0160FA2BE00D0F647 /* quantity-pressed@2x.png */; };
		FAC5B7CD157A2DC900C73398 /* Stripe.m in Sources */ = {isa = PBXBuildFile; fileRef = FAC5B7CC157A2DC900C73398 /* Stripe.m */; };
		FAC5B7D7157A4EB500C73398 /* RestUser.m in Sources */ = {isa = PBXBuildFile; fileRef = FAC5B7D6157A4EB500C73398 /* RestUser.m */; };
		FAC5B7E4157B933200C73398 /* Security.framework in Frameworks */ = {isa = PBXBuildFile; fileRef = FAC5B7E3157B933200C73398 /* Security.framework */; };
		FACEAB49165C2078007C5C3D /* User.m in Sources */ = {isa = PBXBuildFile; fileRef = FACEAB48165C2078007C5C3D /* User.m */; };
		FADAF537165C0E09008C084B /* FacebookHelper.m in Sources */ = {isa = PBXBuildFile; fileRef = FADAF536165C0E09008C084B /* FacebookHelper.m */; };
		FADBE7C51572104500FC9072 /* qty-checkout.png in Resources */ = {isa = PBXBuildFile; fileRef = FADBE7C31572104500FC9072 /* qty-checkout.png */; };
		FADBE7C61572104500FC9072 /* qty-checkout@2x.png in Resources */ = {isa = PBXBuildFile; fileRef = FADBE7C41572104500FC9072 /* qty-checkout@2x.png */; };
		FADBE7CC15723DCB00FC9072 /* cancel.png in Resources */ = {isa = PBXBuildFile; fileRef = FADBE7C815723DCB00FC9072 /* cancel.png */; };
		FADBE7CD15723DCB00FC9072 /* cancel@2x.png in Resources */ = {isa = PBXBuildFile; fileRef = FADBE7C915723DCB00FC9072 /* cancel@2x.png */; };
		FADBE7CE15723DCB00FC9072 /* truck.png in Resources */ = {isa = PBXBuildFile; fileRef = FADBE7CA15723DCB00FC9072 /* truck.png */; };
		FADBE7CF15723DCB00FC9072 /* truck@2x.png in Resources */ = {isa = PBXBuildFile; fileRef = FADBE7CB15723DCB00FC9072 /* truck@2x.png */; };
		FAE3E7CE15E6A92E00416738 /* ShowReceiptViewController.m in Sources */ = {isa = PBXBuildFile; fileRef = FAE3E7CD15E6A92E00416738 /* ShowReceiptViewController.m */; };
		FAE7556B165ACA1500DE05D9 /* NSString+Utils.m in Sources */ = {isa = PBXBuildFile; fileRef = FAE7556A165ACA1500DE05D9 /* NSString+Utils.m */; };
		FAE96031155B08E4007F42DA /* UIBarButtonItem+Borderless.m in Sources */ = {isa = PBXBuildFile; fileRef = FAE96030155B08E4007F42DA /* UIBarButtonItem+Borderless.m */; };
		FAE9604A1560232C007F42DA /* wood-bg@2x.png in Resources */ = {isa = PBXBuildFile; fileRef = FAE960401560232B007F42DA /* wood-bg@2x.png */; };
		FAE9604B1560232C007F42DA /* wood-bg.png in Resources */ = {isa = PBXBuildFile; fileRef = FAE960411560232B007F42DA /* wood-bg.png */; };
		FAE9604C1560232C007F42DA /* premium@2x.png in Resources */ = {isa = PBXBuildFile; fileRef = FAE960421560232B007F42DA /* premium@2x.png */; };
		FAE9604D1560232C007F42DA /* regular@2x.png in Resources */ = {isa = PBXBuildFile; fileRef = FAE960431560232B007F42DA /* regular@2x.png */; };
		FAE9604E1560232C007F42DA /* navbar@2x.png in Resources */ = {isa = PBXBuildFile; fileRef = FAE960441560232B007F42DA /* navbar@2x.png */; };
		FAE9604F1560232C007F42DA /* premium.png in Resources */ = {isa = PBXBuildFile; fileRef = FAE960451560232B007F42DA /* premium.png */; };
		FAE960501560232C007F42DA /* regular.png in Resources */ = {isa = PBXBuildFile; fileRef = FAE960461560232B007F42DA /* regular.png */; };
		FAE960511560232C007F42DA /* navbar.png in Resources */ = {isa = PBXBuildFile; fileRef = FAE960471560232B007F42DA /* navbar.png */; };
		FAE960521560232C007F42DA /* gear@2x.png in Resources */ = {isa = PBXBuildFile; fileRef = FAE960481560232B007F42DA /* gear@2x.png */; };
		FAE960531560232C007F42DA /* gear.png in Resources */ = {isa = PBXBuildFile; fileRef = FAE960491560232C007F42DA /* gear.png */; };
		FAE96056156023AC007F42DA /* bottom-bg@2x.png in Resources */ = {isa = PBXBuildFile; fileRef = FAE96054156023AC007F42DA /* bottom-bg@2x.png */; };
		FAE96057156023AC007F42DA /* bottom-bg.png in Resources */ = {isa = PBXBuildFile; fileRef = FAE96055156023AC007F42DA /* bottom-bg.png */; };
		FAFAD7C915FC8C5A0015C60B /* ok-button.png in Resources */ = {isa = PBXBuildFile; fileRef = FAFAD7C715FC8C5A0015C60B /* ok-button.png */; };
		FAFAD7CA15FC8C5A0015C60B /* ok-button@2x.png in Resources */ = {isa = PBXBuildFile; fileRef = FAFAD7C815FC8C5A0015C60B /* ok-button@2x.png */; };
/* End PBXBuildFile section */

/* Begin PBXContainerItemProxy section */
		94A94E8A15581D14004FB612 /* PBXContainerItemProxy */ = {
			isa = PBXContainerItemProxy;
			containerPortal = 94A94E5B15581D13004FB612 /* Project object */;
			proxyType = 1;
			remoteGlobalIDString = 94A94E6315581D13004FB612;
			remoteInfo = tp;
		};
/* End PBXContainerItemProxy section */

/* Begin PBXFileReference section */
		2D219AC1EF104A83B9FC98F2 /* libPods.a */ = {isa = PBXFileReference; explicitFileType = archive.ar; includeInIndex = 0; path = libPods.a; sourceTree = BUILT_PRODUCTS_DIR; };
		5C98AF6D30D3468E84B43D40 /* Pods.xcconfig */ = {isa = PBXFileReference; includeInIndex = 1; lastKnownFileType = text.xcconfig; name = Pods.xcconfig; path = Pods/Pods.xcconfig; sourceTree = SOURCE_ROOT; };
		94A0A1891647E430004A8608 /* RestClient.h */ = {isa = PBXFileReference; fileEncoding = 4; lastKnownFileType = sourcecode.c.h; path = RestClient.h; sourceTree = "<group>"; };
		94A0A18A1647E430004A8608 /* RestClient.m */ = {isa = PBXFileReference; fileEncoding = 4; lastKnownFileType = sourcecode.c.objc; path = RestClient.m; sourceTree = "<group>"; };
		94A0A1961647EAA8004A8608 /* Order+Manage.h */ = {isa = PBXFileReference; fileEncoding = 4; lastKnownFileType = sourcecode.c.h; path = "Order+Manage.h"; sourceTree = "<group>"; };
		94A0A1971647EAA8004A8608 /* Order+Manage.m */ = {isa = PBXFileReference; fileEncoding = 4; lastKnownFileType = sourcecode.c.objc; path = "Order+Manage.m"; sourceTree = "<group>"; };
		94A94E6415581D13004FB612 /* tp.app */ = {isa = PBXFileReference; explicitFileType = wrapper.application; includeInIndex = 0; path = tp.app; sourceTree = BUILT_PRODUCTS_DIR; };
		94A94E6815581D14004FB612 /* UIKit.framework */ = {isa = PBXFileReference; includeInIndex = 1; lastKnownFileType = wrapper.framework; name = UIKit.framework; path = System/Library/Frameworks/UIKit.framework; sourceTree = SDKROOT; };
		94A94E6A15581D14004FB612 /* Foundation.framework */ = {isa = PBXFileReference; includeInIndex = 1; lastKnownFileType = wrapper.framework; name = Foundation.framework; path = System/Library/Frameworks/Foundation.framework; sourceTree = SDKROOT; };
		94A94E6C15581D14004FB612 /* CoreGraphics.framework */ = {isa = PBXFileReference; includeInIndex = 1; lastKnownFileType = wrapper.framework; name = CoreGraphics.framework; path = System/Library/Frameworks/CoreGraphics.framework; sourceTree = SDKROOT; };
		94A94E7015581D14004FB612 /* tp-Info.plist */ = {isa = PBXFileReference; lastKnownFileType = text.plist.xml; path = "tp-Info.plist"; sourceTree = "<group>"; };
		94A94E7215581D14004FB612 /* en */ = {isa = PBXFileReference; lastKnownFileType = text.plist.strings; name = en; path = en.lproj/InfoPlist.strings; sourceTree = "<group>"; };
		94A94E7415581D14004FB612 /* main.m */ = {isa = PBXFileReference; lastKnownFileType = sourcecode.c.objc; path = main.m; sourceTree = "<group>"; };
		94A94E7615581D14004FB612 /* tp-Prefix.pch */ = {isa = PBXFileReference; lastKnownFileType = sourcecode.c.h; path = "tp-Prefix.pch"; sourceTree = "<group>"; };
		94A94E7715581D14004FB612 /* AppDelegate.h */ = {isa = PBXFileReference; lastKnownFileType = sourcecode.c.h; path = AppDelegate.h; sourceTree = "<group>"; };
		94A94E7815581D14004FB612 /* AppDelegate.m */ = {isa = PBXFileReference; lastKnownFileType = sourcecode.c.objc; path = AppDelegate.m; sourceTree = "<group>"; };
		94A94E7B15581D14004FB612 /* en */ = {isa = PBXFileReference; lastKnownFileType = file.storyboard; name = en; path = en.lproj/MainStoryboard.storyboard; sourceTree = "<group>"; };
		94A94E7D15581D14004FB612 /* OrderController.h */ = {isa = PBXFileReference; lastKnownFileType = sourcecode.c.h; path = OrderController.h; sourceTree = "<group>"; };
		94A94E7E15581D14004FB612 /* OrderController.m */ = {isa = PBXFileReference; lastKnownFileType = sourcecode.c.objc; path = OrderController.m; sourceTree = "<group>"; };
		94A94E8515581D14004FB612 /* tpTests.octest */ = {isa = PBXFileReference; explicitFileType = wrapper.cfbundle; includeInIndex = 0; path = tpTests.octest; sourceTree = BUILT_PRODUCTS_DIR; };
		94A94E8615581D14004FB612 /* SenTestingKit.framework */ = {isa = PBXFileReference; lastKnownFileType = wrapper.framework; name = SenTestingKit.framework; path = Library/Frameworks/SenTestingKit.framework; sourceTree = DEVELOPER_DIR; };
		94A94E8E15581D14004FB612 /* tpTests-Info.plist */ = {isa = PBXFileReference; lastKnownFileType = text.plist.xml; path = "tpTests-Info.plist"; sourceTree = "<group>"; };
		94A94E9015581D14004FB612 /* en */ = {isa = PBXFileReference; lastKnownFileType = text.plist.strings; name = en; path = en.lproj/InfoPlist.strings; sourceTree = "<group>"; };
		94A94E9215581D14004FB612 /* tpTests.h */ = {isa = PBXFileReference; lastKnownFileType = sourcecode.c.h; path = tpTests.h; sourceTree = "<group>"; };
		94A94E9315581D14004FB612 /* tpTests.m */ = {isa = PBXFileReference; lastKnownFileType = sourcecode.c.objc; path = tpTests.m; sourceTree = "<group>"; };
		FA26D07E156EBEE70029463E /* form-bg@2x.png */ = {isa = PBXFileReference; lastKnownFileType = image.png; path = "form-bg@2x.png"; sourceTree = "<group>"; };
		FA26D080156EBFE80029463E /* form-bg.png */ = {isa = PBXFileReference; lastKnownFileType = image.png; path = "form-bg.png"; sourceTree = "<group>"; };
		FA2E2BB415E56DA400BAAD44 /* paid.png */ = {isa = PBXFileReference; lastKnownFileType = image.png; name = paid.png; path = assets/paid.png; sourceTree = "<group>"; };
		FA2E2BB515E56DA400BAAD44 /* paid@2x.png */ = {isa = PBXFileReference; lastKnownFileType = image.png; name = "paid@2x.png"; path = "assets/paid@2x.png"; sourceTree = "<group>"; };
		FA2E2BB615E56DA400BAAD44 /* paper.png */ = {isa = PBXFileReference; lastKnownFileType = image.png; name = paper.png; path = assets/paper.png; sourceTree = "<group>"; };
		FA2E2BB715E56DA400BAAD44 /* paper@2x.png */ = {isa = PBXFileReference; lastKnownFileType = image.png; name = "paper@2x.png"; path = "assets/paper@2x.png"; sourceTree = "<group>"; };
		FA2E2BB815E56DA400BAAD44 /* radiant-tp.png */ = {isa = PBXFileReference; lastKnownFileType = image.png; name = "radiant-tp.png"; path = "assets/radiant-tp.png"; sourceTree = "<group>"; };
		FA2E2BB915E56DA400BAAD44 /* radiant-tp@2x.png */ = {isa = PBXFileReference; lastKnownFileType = image.png; name = "radiant-tp@2x.png"; path = "assets/radiant-tp@2x.png"; sourceTree = "<group>"; };
		FA2E2BBA15E56DA400BAAD44 /* receipt-bg.png */ = {isa = PBXFileReference; lastKnownFileType = image.png; name = "receipt-bg.png"; path = "assets/receipt-bg.png"; sourceTree = "<group>"; };
		FA2E2BBB15E56DA400BAAD44 /* receipt-bg@2x.png */ = {isa = PBXFileReference; lastKnownFileType = image.png; name = "receipt-bg@2x.png"; path = "assets/receipt-bg@2x.png"; sourceTree = "<group>"; };
		FA2E2BBC15E56DA400BAAD44 /* sms.png */ = {isa = PBXFileReference; lastKnownFileType = image.png; name = sms.png; path = assets/sms.png; sourceTree = "<group>"; };
		FA2E2BBD15E56DA400BAAD44 /* sms@2x.png */ = {isa = PBXFileReference; lastKnownFileType = image.png; name = "sms@2x.png"; path = "assets/sms@2x.png"; sourceTree = "<group>"; };
		FA2E2BBE15E56DA400BAAD44 /* van.png */ = {isa = PBXFileReference; lastKnownFileType = image.png; name = van.png; path = assets/van.png; sourceTree = "<group>"; };
		FA2E2BBF15E56DA400BAAD44 /* van@2x.png */ = {isa = PBXFileReference; lastKnownFileType = image.png; name = "van@2x.png"; path = "assets/van@2x.png"; sourceTree = "<group>"; };
		FA2E2BCD15E579A300BAAD44 /* accept-button.png */ = {isa = PBXFileReference; lastKnownFileType = image.png; name = "accept-button.png"; path = "assets/accept-button.png"; sourceTree = "<group>"; };
		FA2E2BCE15E579A300BAAD44 /* accept-button@2x.png */ = {isa = PBXFileReference; lastKnownFileType = image.png; name = "accept-button@2x.png"; path = "assets/accept-button@2x.png"; sourceTree = "<group>"; };
		FA49999915697FAB004A2287 /* Arvil_Sans.ttf */ = {isa = PBXFileReference; lastKnownFileType = file; path = Arvil_Sans.ttf; sourceTree = "<group>"; };
		FA844AB815FD016800715100 /* lines.png */ = {isa = PBXFileReference; lastKnownFileType = image.png; name = lines.png; path = assets/lines.png; sourceTree = "<group>"; };
		FA844AB915FD016800715100 /* lines@2x.png */ = {isa = PBXFileReference; lastKnownFileType = image.png; name = "lines@2x.png"; path = "assets/lines@2x.png"; sourceTree = "<group>"; };
		FA865495160E4EAC00DAB476 /* Tp.xcdatamodel */ = {isa = PBXFileReference; lastKnownFileType = wrapper.xcdatamodel; path = Tp.xcdatamodel; sourceTree = "<group>"; };
		FA8654A3160E572D00DAB476 /* User+Manage.h */ = {isa = PBXFileReference; fileEncoding = 4; lastKnownFileType = sourcecode.c.h; path = "User+Manage.h"; sourceTree = "<group>"; };
		FA8654A4160E572D00DAB476 /* User+Manage.m */ = {isa = PBXFileReference; fileEncoding = 4; lastKnownFileType = sourcecode.c.objc; path = "User+Manage.m"; sourceTree = "<group>"; };
		FA8E9F15158CF62C00CB6F5B /* Config.h */ = {isa = PBXFileReference; fileEncoding = 4; lastKnownFileType = sourcecode.c.h; path = Config.h; sourceTree = "<group>"; };
		FA8E9F16158CF62C00CB6F5B /* Config.m */ = {isa = PBXFileReference; fileEncoding = 4; lastKnownFileType = sourcecode.c.objc; path = Config.m; sourceTree = "<group>"; };
		FA8E9F18158CF67300CB6F5B /* Environments.plist */ = {isa = PBXFileReference; fileEncoding = 4; lastKnownFileType = text.plist.xml; path = Environments.plist; sourceTree = "<group>"; };
		FA8E9F1B158DDED700CB6F5B /* UIApplication+NetworkActivityIndicator.h */ = {isa = PBXFileReference; fileEncoding = 4; lastKnownFileType = sourcecode.c.h; path = "UIApplication+NetworkActivityIndicator.h"; sourceTree = "<group>"; };
		FA8E9F1C158DDED700CB6F5B /* UIApplication+NetworkActivityIndicator.m */ = {isa = PBXFileReference; fileEncoding = 4; lastKnownFileType = sourcecode.c.objc; path = "UIApplication+NetworkActivityIndicator.m"; sourceTree = "<group>"; };
		FA9FF8E71658278D00015F7E /* RestOrder.h */ = {isa = PBXFileReference; fileEncoding = 4; lastKnownFileType = sourcecode.c.h; path = RestOrder.h; sourceTree = "<group>"; };
		FA9FF8E81658278D00015F7E /* RestOrder.m */ = {isa = PBXFileReference; fileEncoding = 4; lastKnownFileType = sourcecode.c.objc; path = RestOrder.m; sourceTree = "<group>"; };
		FA9FF8EB165827B800015F7E /* RestObject.h */ = {isa = PBXFileReference; fileEncoding = 4; lastKnownFileType = sourcecode.c.h; path = RestObject.h; sourceTree = "<group>"; };
		FA9FF8EC165827B800015F7E /* RestObject.m */ = {isa = PBXFileReference; fileEncoding = 4; lastKnownFileType = sourcecode.c.objc; path = RestObject.m; sourceTree = "<group>"; };
		FA9FF939165941AB00015F7E /* Order.h */ = {isa = PBXFileReference; fileEncoding = 4; lastKnownFileType = sourcecode.c.h; path = Order.h; sourceTree = "<group>"; };
		FA9FF93A165941AB00015F7E /* Order.m */ = {isa = PBXFileReference; fileEncoding = 4; lastKnownFileType = sourcecode.c.objc; path = Order.m; sourceTree = "<group>"; };
		FAA11B781560401B0005CAFA /* order@2x.png */ = {isa = PBXFileReference; lastKnownFileType = image.png; name = "order@2x.png"; path = "assets/order@2x.png"; sourceTree = "<group>"; };
		FAA11B791560401B0005CAFA /* quantity@2x.png */ = {isa = PBXFileReference; lastKnownFileType = image.png; name = "quantity@2x.png"; path = "assets/quantity@2x.png"; sourceTree = "<group>"; };
		FAA11B7C156040A00005CAFA /* order.png */ = {isa = PBXFileReference; lastKnownFileType = image.png; name = order.png; path = assets/order.png; sourceTree = "<group>"; };
		FAA11B7D156040A00005CAFA /* quanity.png */ = {isa = PBXFileReference; lastKnownFileType = image.png; name = quanity.png; path = assets/quanity.png; sourceTree = "<group>"; };
		FAA11B80156049EE0005CAFA /* libz.dylib */ = {isa = PBXFileReference; includeInIndex = 1; lastKnownFileType = "compiled.mach-o.dylib"; name = libz.dylib; path = usr/lib/libz.dylib; sourceTree = SDKROOT; };
		FAA11B9015659A8D0005CAFA /* ProximaNova-Regular.otf */ = {isa = PBXFileReference; lastKnownFileType = file; name = "ProximaNova-Regular.otf"; path = "../ProximaNova-Regular.otf"; sourceTree = "<group>"; };
		FAA525A116027EC300B9393A /* fb.png */ = {isa = PBXFileReference; lastKnownFileType = image.png; name = fb.png; path = assets/fb.png; sourceTree = "<group>"; };
		FAA525A216027EC300B9393A /* fb@2x.png */ = {isa = PBXFileReference; lastKnownFileType = image.png; name = "fb@2x.png"; path = "assets/fb@2x.png"; sourceTree = "<group>"; };
		FAA525A316027EC300B9393A /* tw.png */ = {isa = PBXFileReference; lastKnownFileType = image.png; name = tw.png; path = assets/tw.png; sourceTree = "<group>"; };
		FAA525A416027EC300B9393A /* tw@2x.png */ = {isa = PBXFileReference; lastKnownFileType = image.png; name = "tw@2x.png"; path = "assets/tw@2x.png"; sourceTree = "<group>"; };
		FAA525AA1602832D00B9393A /* email.png */ = {isa = PBXFileReference; lastKnownFileType = image.png; name = email.png; path = assets/email.png; sourceTree = "<group>"; };
		FAA525AB1602832D00B9393A /* email@2x.png */ = {isa = PBXFileReference; lastKnownFileType = image.png; name = "email@2x.png"; path = "assets/email@2x.png"; sourceTree = "<group>"; };
		FAA7AD06156ED4F9005128B4 /* bottom-bg-address.png */ = {isa = PBXFileReference; lastKnownFileType = image.png; path = "bottom-bg-address.png"; sourceTree = "<group>"; };
		FAA7AD07156ED4F9005128B4 /* bottom-bg-address@2x.png */ = {isa = PBXFileReference; lastKnownFileType = image.png; path = "bottom-bg-address@2x.png"; sourceTree = "<group>"; };
		FAA7AD0B156EE0E0005128B4 /* ProximaNova-Semibold.otf */ = {isa = PBXFileReference; lastKnownFileType = file; path = "ProximaNova-Semibold.otf"; sourceTree = "<group>"; };
		FAA7AD0D15718CB8005128B4 /* backup@2x.png */ = {isa = PBXFileReference; lastKnownFileType = image.png; path = "backup@2x.png"; sourceTree = "<group>"; };
		FAA7AD1315718D91005128B4 /* backup.png */ = {isa = PBXFileReference; lastKnownFileType = image.png; path = backup.png; sourceTree = "<group>"; };
		FAAB1195164E8725001C7597 /* bg.png */ = {isa = PBXFileReference; lastKnownFileType = image.png; name = bg.png; path = assets/bg.png; sourceTree = "<group>"; };
		FAAB1196164E8725001C7597 /* bg@2x.png */ = {isa = PBXFileReference; lastKnownFileType = image.png; name = "bg@2x.png"; path = "assets/bg@2x.png"; sourceTree = "<group>"; };
		FAAB119B164E91FF001C7597 /* WoodView.h */ = {isa = PBXFileReference; fileEncoding = 4; lastKnownFileType = sourcecode.c.h; name = WoodView.h; path = views/WoodView.h; sourceTree = "<group>"; };
		FAAB119C164E91FF001C7597 /* WoodView.m */ = {isa = PBXFileReference; fileEncoding = 4; lastKnownFileType = sourcecode.c.objc; name = WoodView.m; path = views/WoodView.m; sourceTree = "<group>"; };
		FAAB119E164E92DF001C7597 /* TexturedView.h */ = {isa = PBXFileReference; fileEncoding = 4; lastKnownFileType = sourcecode.c.h; name = TexturedView.h; path = views/TexturedView.h; sourceTree = "<group>"; };
		FAAB119F164E92DF001C7597 /* TexturedView.m */ = {isa = PBXFileReference; fileEncoding = 4; lastKnownFileType = sourcecode.c.objc; name = TexturedView.m; path = views/TexturedView.m; sourceTree = "<group>"; };
		FAAB11A1164E9B12001C7597 /* FormView.h */ = {isa = PBXFileReference; fileEncoding = 4; lastKnownFileType = sourcecode.c.h; name = FormView.h; path = views/FormView.h; sourceTree = "<group>"; };
		FAAB11A2164E9B12001C7597 /* FormView.m */ = {isa = PBXFileReference; fileEncoding = 4; lastKnownFileType = sourcecode.c.objc; name = FormView.m; path = views/FormView.m; sourceTree = "<group>"; };
		FAAC5263158545E3009E9811 /* SettingsController.h */ = {isa = PBXFileReference; fileEncoding = 4; lastKnownFileType = sourcecode.c.h; path = SettingsController.h; sourceTree = "<group>"; };
		FAAC5264158545E3009E9811 /* SettingsController.m */ = {isa = PBXFileReference; fileEncoding = 4; lastKnownFileType = sourcecode.c.objc; path = SettingsController.m; sourceTree = "<group>"; };
		FAC46BAC160F101C00D0F647 /* CoreData.framework */ = {isa = PBXFileReference; includeInIndex = 1; lastKnownFileType = wrapper.framework; name = CoreData.framework; path = System/Library/Frameworks/CoreData.framework; sourceTree = SDKROOT; };
		FAC46BAF160FA2BE00D0F647 /* quantity-pressed.png */ = {isa = PBXFileReference; lastKnownFileType = image.png; name = "quantity-pressed.png"; path = "assets/quantity-pressed.png"; sourceTree = "<group>"; };
		FAC46BB0160FA2BE00D0F647 /* quantity-pressed@2x.png */ = {isa = PBXFileReference; lastKnownFileType = image.png; name = "quantity-pressed@2x.png"; path = "assets/quantity-pressed@2x.png"; sourceTree = "<group>"; };
		FAC5B7CB157A2DC900C73398 /* Stripe.h */ = {isa = PBXFileReference; fileEncoding = 4; lastKnownFileType = sourcecode.c.h; path = Stripe.h; sourceTree = "<group>"; };
		FAC5B7CC157A2DC900C73398 /* Stripe.m */ = {isa = PBXFileReference; fileEncoding = 4; lastKnownFileType = sourcecode.c.objc; path = Stripe.m; sourceTree = "<group>"; };
		FAC5B7D5157A4EB500C73398 /* RestUser.h */ = {isa = PBXFileReference; fileEncoding = 4; lastKnownFileType = sourcecode.c.h; path = RestUser.h; sourceTree = "<group>"; };
		FAC5B7D6157A4EB500C73398 /* RestUser.m */ = {isa = PBXFileReference; fileEncoding = 4; lastKnownFileType = sourcecode.c.objc; path = RestUser.m; sourceTree = "<group>"; };
		FAC5B7E3157B933200C73398 /* Security.framework */ = {isa = PBXFileReference; includeInIndex = 1; lastKnownFileType = wrapper.framework; name = Security.framework; path = System/Library/Frameworks/Security.framework; sourceTree = SDKROOT; };
		FACEAB47165C2078007C5C3D /* User.h */ = {isa = PBXFileReference; fileEncoding = 4; lastKnownFileType = sourcecode.c.h; path = User.h; sourceTree = "<group>"; };
		FACEAB48165C2078007C5C3D /* User.m */ = {isa = PBXFileReference; fileEncoding = 4; lastKnownFileType = sourcecode.c.objc; path = User.m; sourceTree = "<group>"; };
		FADAF535165C0E09008C084B /* FacebookHelper.h */ = {isa = PBXFileReference; fileEncoding = 4; lastKnownFileType = sourcecode.c.h; path = FacebookHelper.h; sourceTree = "<group>"; };
		FADAF536165C0E09008C084B /* FacebookHelper.m */ = {isa = PBXFileReference; fileEncoding = 4; lastKnownFileType = sourcecode.c.objc; path = FacebookHelper.m; sourceTree = "<group>"; };
		FADBE7C31572104500FC9072 /* qty-checkout.png */ = {isa = PBXFileReference; lastKnownFileType = image.png; name = "qty-checkout.png"; path = "assets/qty-checkout.png"; sourceTree = "<group>"; };
		FADBE7C41572104500FC9072 /* qty-checkout@2x.png */ = {isa = PBXFileReference; lastKnownFileType = image.png; name = "qty-checkout@2x.png"; path = "assets/qty-checkout@2x.png"; sourceTree = "<group>"; };
		FADBE7C815723DCB00FC9072 /* cancel.png */ = {isa = PBXFileReference; lastKnownFileType = image.png; name = cancel.png; path = assets/cancel.png; sourceTree = "<group>"; };
		FADBE7C915723DCB00FC9072 /* cancel@2x.png */ = {isa = PBXFileReference; lastKnownFileType = image.png; name = "cancel@2x.png"; path = "assets/cancel@2x.png"; sourceTree = "<group>"; };
		FADBE7CA15723DCB00FC9072 /* truck.png */ = {isa = PBXFileReference; lastKnownFileType = image.png; name = truck.png; path = assets/truck.png; sourceTree = "<group>"; };
		FADBE7CB15723DCB00FC9072 /* truck@2x.png */ = {isa = PBXFileReference; lastKnownFileType = image.png; name = "truck@2x.png"; path = "assets/truck@2x.png"; sourceTree = "<group>"; };
		FAE3E7CC15E6A92E00416738 /* ShowReceiptViewController.h */ = {isa = PBXFileReference; fileEncoding = 4; lastKnownFileType = sourcecode.c.h; path = ShowReceiptViewController.h; sourceTree = "<group>"; };
		FAE3E7CD15E6A92E00416738 /* ShowReceiptViewController.m */ = {isa = PBXFileReference; fileEncoding = 4; lastKnownFileType = sourcecode.c.objc; path = ShowReceiptViewController.m; sourceTree = "<group>"; };
		FAE75569165ACA1500DE05D9 /* NSString+Utils.h */ = {isa = PBXFileReference; fileEncoding = 4; lastKnownFileType = sourcecode.c.h; path = "NSString+Utils.h"; sourceTree = "<group>"; };
		FAE7556A165ACA1500DE05D9 /* NSString+Utils.m */ = {isa = PBXFileReference; fileEncoding = 4; lastKnownFileType = sourcecode.c.objc; path = "NSString+Utils.m"; sourceTree = "<group>"; };
		FAE9602F155B08E4007F42DA /* UIBarButtonItem+Borderless.h */ = {isa = PBXFileReference; fileEncoding = 4; lastKnownFileType = sourcecode.c.h; path = "UIBarButtonItem+Borderless.h"; sourceTree = "<group>"; };
		FAE96030155B08E4007F42DA /* UIBarButtonItem+Borderless.m */ = {isa = PBXFileReference; fileEncoding = 4; lastKnownFileType = sourcecode.c.objc; path = "UIBarButtonItem+Borderless.m"; sourceTree = "<group>"; };
		FAE960401560232B007F42DA /* wood-bg@2x.png */ = {isa = PBXFileReference; lastKnownFileType = image.png; name = "wood-bg@2x.png"; path = "assets/wood-bg@2x.png"; sourceTree = "<group>"; };
		FAE960411560232B007F42DA /* wood-bg.png */ = {isa = PBXFileReference; lastKnownFileType = image.png; name = "wood-bg.png"; path = "assets/wood-bg.png"; sourceTree = "<group>"; };
		FAE960421560232B007F42DA /* premium@2x.png */ = {isa = PBXFileReference; lastKnownFileType = image.png; name = "premium@2x.png"; path = "assets/premium@2x.png"; sourceTree = "<group>"; };
		FAE960431560232B007F42DA /* regular@2x.png */ = {isa = PBXFileReference; lastKnownFileType = image.png; name = "regular@2x.png"; path = "assets/regular@2x.png"; sourceTree = "<group>"; };
		FAE960441560232B007F42DA /* navbar@2x.png */ = {isa = PBXFileReference; lastKnownFileType = image.png; name = "navbar@2x.png"; path = "assets/navbar@2x.png"; sourceTree = "<group>"; };
		FAE960451560232B007F42DA /* premium.png */ = {isa = PBXFileReference; lastKnownFileType = image.png; name = premium.png; path = assets/premium.png; sourceTree = "<group>"; };
		FAE960461560232B007F42DA /* regular.png */ = {isa = PBXFileReference; lastKnownFileType = image.png; name = regular.png; path = assets/regular.png; sourceTree = "<group>"; };
		FAE960471560232B007F42DA /* navbar.png */ = {isa = PBXFileReference; lastKnownFileType = image.png; name = navbar.png; path = assets/navbar.png; sourceTree = "<group>"; };
		FAE960481560232B007F42DA /* gear@2x.png */ = {isa = PBXFileReference; lastKnownFileType = image.png; name = "gear@2x.png"; path = "assets/gear@2x.png"; sourceTree = "<group>"; };
		FAE960491560232C007F42DA /* gear.png */ = {isa = PBXFileReference; lastKnownFileType = image.png; name = gear.png; path = assets/gear.png; sourceTree = "<group>"; };
		FAE96054156023AC007F42DA /* bottom-bg@2x.png */ = {isa = PBXFileReference; lastKnownFileType = image.png; name = "bottom-bg@2x.png"; path = "assets/bottom-bg@2x.png"; sourceTree = "<group>"; };
		FAE96055156023AC007F42DA /* bottom-bg.png */ = {isa = PBXFileReference; lastKnownFileType = image.png; name = "bottom-bg.png"; path = "assets/bottom-bg.png"; sourceTree = "<group>"; };
		FAFAD7C715FC8C5A0015C60B /* ok-button.png */ = {isa = PBXFileReference; lastKnownFileType = image.png; name = "ok-button.png"; path = "assets/ok-button.png"; sourceTree = "<group>"; };
		FAFAD7C815FC8C5A0015C60B /* ok-button@2x.png */ = {isa = PBXFileReference; lastKnownFileType = image.png; name = "ok-button@2x.png"; path = "assets/ok-button@2x.png"; sourceTree = "<group>"; };
/* End PBXFileReference section */

/* Begin PBXFrameworksBuildPhase section */
		94A94E6115581D13004FB612 /* Frameworks */ = {
			isa = PBXFrameworksBuildPhase;
			buildActionMask = 2147483647;
			files = (
				FAC46BAD160F101C00D0F647 /* CoreData.framework in Frameworks */,
				94A94E6D15581D14004FB612 /* CoreGraphics.framework in Frameworks */,
				FAC5B7E4157B933200C73398 /* Security.framework in Frameworks */,
				FAA11B81156049EE0005CAFA /* libz.dylib in Frameworks */,
				94A94E6915581D14004FB612 /* UIKit.framework in Frameworks */,
				94A94E6B15581D14004FB612 /* Foundation.framework in Frameworks */,
				641B5486F5064D0BA9D89231 /* libPods.a in Frameworks */,
			);
			runOnlyForDeploymentPostprocessing = 0;
		};
		94A94E8115581D14004FB612 /* Frameworks */ = {
			isa = PBXFrameworksBuildPhase;
			buildActionMask = 2147483647;
			files = (
				94A94E8715581D14004FB612 /* SenTestingKit.framework in Frameworks */,
				94A94E8815581D14004FB612 /* UIKit.framework in Frameworks */,
				94A94E8915581D14004FB612 /* Foundation.framework in Frameworks */,
			);
			runOnlyForDeploymentPostprocessing = 0;
		};
/* End PBXFrameworksBuildPhase section */

/* Begin PBXGroup section */
		94A94E5915581D13004FB612 = {
			isa = PBXGroup;
			children = (
				FA865494160E4EAC00DAB476 /* Tp.xcdatamodeld */,
				FAC5B7E3157B933200C73398 /* Security.framework */,
				FAA11B80156049EE0005CAFA /* libz.dylib */,
				94A94E6E15581D14004FB612 /* tp */,
				94A94E8C15581D14004FB612 /* tpTests */,
				94A94E6715581D13004FB612 /* Frameworks */,
				94A94E6515581D13004FB612 /* Products */,
				5C98AF6D30D3468E84B43D40 /* Pods.xcconfig */,
			);
			sourceTree = "<group>";
		};
		94A94E6515581D13004FB612 /* Products */ = {
			isa = PBXGroup;
			children = (
				94A94E6415581D13004FB612 /* tp.app */,
				94A94E8515581D14004FB612 /* tpTests.octest */,
			);
			name = Products;
			sourceTree = "<group>";
		};
		94A94E6715581D13004FB612 /* Frameworks */ = {
			isa = PBXGroup;
			children = (
				FAC46BAC160F101C00D0F647 /* CoreData.framework */,
				94A94E6815581D14004FB612 /* UIKit.framework */,
				94A94E6A15581D14004FB612 /* Foundation.framework */,
				94A94E6C15581D14004FB612 /* CoreGraphics.framework */,
				94A94E8615581D14004FB612 /* SenTestingKit.framework */,
				2D219AC1EF104A83B9FC98F2 /* libPods.a */,
			);
			name = Frameworks;
			sourceTree = "<group>";
		};
		94A94E6E15581D14004FB612 /* tp */ = {
			isa = PBXGroup;
			children = (
				FAAB119A164E91D3001C7597 /* Views */,
				FA86549E160E56C800DAB476 /* CoreData */,
				FA234E3A15BB340400EC4B3A /* categories */,
				FA8E9F1A158DDEA600CB6F5B /* helpers */,
				FAC5B7CB157A2DC900C73398 /* Stripe.h */,
				FAC5B7CC157A2DC900C73398 /* Stripe.m */,
				FAA11B8B15658BEC0005CAFA /* Models */,
				FAA11B8A15658BDB0005CAFA /* delegates */,
				FAE9602A155AA454007F42DA /* controllers */,
				FAE95FF8155A8E21007F42DA /* assets */,
				94A94E7715581D14004FB612 /* AppDelegate.h */,
				94A94E7815581D14004FB612 /* AppDelegate.m */,
				94A94E7A15581D14004FB612 /* MainStoryboard.storyboard */,
				94A94E6F15581D14004FB612 /* Supporting Files */,
			);
			path = tp;
			sourceTree = "<group>";
		};
		94A94E6F15581D14004FB612 /* Supporting Files */ = {
			isa = PBXGroup;
			children = (
				FAA7AD0B156EE0E0005128B4 /* ProximaNova-Semibold.otf */,
				FA49999915697FAB004A2287 /* Arvil_Sans.ttf */,
				FAA11B9015659A8D0005CAFA /* ProximaNova-Regular.otf */,
				94A94E7015581D14004FB612 /* tp-Info.plist */,
				94A94E7115581D14004FB612 /* InfoPlist.strings */,
				94A94E7415581D14004FB612 /* main.m */,
				94A94E7615581D14004FB612 /* tp-Prefix.pch */,
				FA8E9F18158CF67300CB6F5B /* Environments.plist */,
			);
			name = "Supporting Files";
			sourceTree = "<group>";
		};
		94A94E8C15581D14004FB612 /* tpTests */ = {
			isa = PBXGroup;
			children = (
				94A94E9215581D14004FB612 /* tpTests.h */,
				94A94E9315581D14004FB612 /* tpTests.m */,
				94A94E8D15581D14004FB612 /* Supporting Files */,
			);
			path = tpTests;
			sourceTree = "<group>";
		};
		94A94E8D15581D14004FB612 /* Supporting Files */ = {
			isa = PBXGroup;
			children = (
				94A94E8E15581D14004FB612 /* tpTests-Info.plist */,
				94A94E8F15581D14004FB612 /* InfoPlist.strings */,
			);
			name = "Supporting Files";
			sourceTree = "<group>";
		};
		FA234E3A15BB340400EC4B3A /* categories */ = {
			isa = PBXGroup;
			children = (
				FA8E9F1B158DDED700CB6F5B /* UIApplication+NetworkActivityIndicator.h */,
				FA8E9F1C158DDED700CB6F5B /* UIApplication+NetworkActivityIndicator.m */,
				FAE9602F155B08E4007F42DA /* UIBarButtonItem+Borderless.h */,
				FAE96030155B08E4007F42DA /* UIBarButtonItem+Borderless.m */,
				FAE75569165ACA1500DE05D9 /* NSString+Utils.h */,
				FAE7556A165ACA1500DE05D9 /* NSString+Utils.m */,
			);
			name = categories;
			sourceTree = "<group>";
		};
		FA86549E160E56C800DAB476 /* CoreData */ = {
			isa = PBXGroup;
			children = (
				FACEAB47165C2078007C5C3D /* User.h */,
				FACEAB48165C2078007C5C3D /* User.m */,
				FA9FF939165941AB00015F7E /* Order.h */,
				FA9FF93A165941AB00015F7E /* Order.m */,
				FA8654A2160E570300DAB476 /* Categories */,
			);
			name = CoreData;
			sourceTree = "<group>";
		};
		FA8654A2160E570300DAB476 /* Categories */ = {
			isa = PBXGroup;
			children = (
				FA8654A3160E572D00DAB476 /* User+Manage.h */,
				FA8654A4160E572D00DAB476 /* User+Manage.m */,
				94A0A1961647EAA8004A8608 /* Order+Manage.h */,
				94A0A1971647EAA8004A8608 /* Order+Manage.m */,
			);
			name = Categories;
			sourceTree = "<group>";
		};
		FA8E9F1A158DDEA600CB6F5B /* helpers */ = {
			isa = PBXGroup;
			children = (
				FADAF535165C0E09008C084B /* FacebookHelper.h */,
				FADAF536165C0E09008C084B /* FacebookHelper.m */,
			);
			name = helpers;
			sourceTree = "<group>";
		};
		FAA11B8A15658BDB0005CAFA /* delegates */ = {
			isa = PBXGroup;
			children = (
			);
			name = delegates;
			sourceTree = "<group>";
		};
		FAA11B8B15658BEC0005CAFA /* Models */ = {
			isa = PBXGroup;
			children = (
				FAC5B7D5157A4EB500C73398 /* RestUser.h */,
				FAC5B7D6157A4EB500C73398 /* RestUser.m */,
				FA8E9F15158CF62C00CB6F5B /* Config.h */,
				FA8E9F16158CF62C00CB6F5B /* Config.m */,
				94A0A1891647E430004A8608 /* RestClient.h */,
				94A0A18A1647E430004A8608 /* RestClient.m */,
				FA9FF8E71658278D00015F7E /* RestOrder.h */,
				FA9FF8E81658278D00015F7E /* RestOrder.m */,
				FA9FF8EB165827B800015F7E /* RestObject.h */,
				FA9FF8EC165827B800015F7E /* RestObject.m */,
			);
			name = Models;
			sourceTree = "<group>";
		};
		FAAB119A164E91D3001C7597 /* Views */ = {
			isa = PBXGroup;
			children = (
				FAAB119B164E91FF001C7597 /* WoodView.h */,
				FAAB119C164E91FF001C7597 /* WoodView.m */,
				FAAB119E164E92DF001C7597 /* TexturedView.h */,
				FAAB119F164E92DF001C7597 /* TexturedView.m */,
				FAAB11A1164E9B12001C7597 /* FormView.h */,
				FAAB11A2164E9B12001C7597 /* FormView.m */,
			);
			name = Views;
			sourceTree = "<group>";
		};
		FAE95FF8155A8E21007F42DA /* assets */ = {
			isa = PBXGroup;
			children = (
				FAAB1195164E8725001C7597 /* bg.png */,
				FAAB1196164E8725001C7597 /* bg@2x.png */,
				FAC46BAF160FA2BE00D0F647 /* quantity-pressed.png */,
				FAC46BB0160FA2BE00D0F647 /* quantity-pressed@2x.png */,
				FAA525AA1602832D00B9393A /* email.png */,
				FAA525AB1602832D00B9393A /* email@2x.png */,
				FAA525A116027EC300B9393A /* fb.png */,
				FAA525A216027EC300B9393A /* fb@2x.png */,
				FAA525A316027EC300B9393A /* tw.png */,
				FAA525A416027EC300B9393A /* tw@2x.png */,
				FA844AB815FD016800715100 /* lines.png */,
				FA844AB915FD016800715100 /* lines@2x.png */,
				FAFAD7C715FC8C5A0015C60B /* ok-button.png */,
				FAFAD7C815FC8C5A0015C60B /* ok-button@2x.png */,
				FA2E2BCD15E579A300BAAD44 /* accept-button.png */,
				FA2E2BCE15E579A300BAAD44 /* accept-button@2x.png */,
				FA2E2BB415E56DA400BAAD44 /* paid.png */,
				FA2E2BB515E56DA400BAAD44 /* paid@2x.png */,
				FA2E2BB615E56DA400BAAD44 /* paper.png */,
				FA2E2BB715E56DA400BAAD44 /* paper@2x.png */,
				FA2E2BB815E56DA400BAAD44 /* radiant-tp.png */,
				FA2E2BB915E56DA400BAAD44 /* radiant-tp@2x.png */,
				FA2E2BBA15E56DA400BAAD44 /* receipt-bg.png */,
				FA2E2BBB15E56DA400BAAD44 /* receipt-bg@2x.png */,
				FA2E2BBC15E56DA400BAAD44 /* sms.png */,
				FA2E2BBD15E56DA400BAAD44 /* sms@2x.png */,
				FA2E2BBE15E56DA400BAAD44 /* van.png */,
				FA2E2BBF15E56DA400BAAD44 /* van@2x.png */,
				FADBE7C815723DCB00FC9072 /* cancel.png */,
				FADBE7C915723DCB00FC9072 /* cancel@2x.png */,
				FADBE7CA15723DCB00FC9072 /* truck.png */,
				FADBE7CB15723DCB00FC9072 /* truck@2x.png */,
				FAA7AD1315718D91005128B4 /* backup.png */,
				FADBE7C31572104500FC9072 /* qty-checkout.png */,
				FADBE7C41572104500FC9072 /* qty-checkout@2x.png */,
				FAA7AD0D15718CB8005128B4 /* backup@2x.png */,
				FAA7AD06156ED4F9005128B4 /* bottom-bg-address.png */,
				FAA7AD07156ED4F9005128B4 /* bottom-bg-address@2x.png */,
				FA26D080156EBFE80029463E /* form-bg.png */,
				FA26D07E156EBEE70029463E /* form-bg@2x.png */,
				FAA11B7C156040A00005CAFA /* order.png */,
				FAA11B7D156040A00005CAFA /* quanity.png */,
				FAA11B781560401B0005CAFA /* order@2x.png */,
				FAA11B791560401B0005CAFA /* quantity@2x.png */,
				FAE96054156023AC007F42DA /* bottom-bg@2x.png */,
				FAE96055156023AC007F42DA /* bottom-bg.png */,
				FAE960401560232B007F42DA /* wood-bg@2x.png */,
				FAE960411560232B007F42DA /* wood-bg.png */,
				FAE960421560232B007F42DA /* premium@2x.png */,
				FAE960431560232B007F42DA /* regular@2x.png */,
				FAE960441560232B007F42DA /* navbar@2x.png */,
				FAE960451560232B007F42DA /* premium.png */,
				FAE960461560232B007F42DA /* regular.png */,
				FAE960471560232B007F42DA /* navbar.png */,
				FAE960481560232B007F42DA /* gear@2x.png */,
				FAE960491560232C007F42DA /* gear.png */,
			);
			name = assets;
			sourceTree = "<group>";
		};
		FAE9602A155AA454007F42DA /* controllers */ = {
			isa = PBXGroup;
			children = (
				94A94E7D15581D14004FB612 /* OrderController.h */,
				94A94E7E15581D14004FB612 /* OrderController.m */,
				FAAC5263158545E3009E9811 /* SettingsController.h */,
				FAAC5264158545E3009E9811 /* SettingsController.m */,
				FAE3E7CC15E6A92E00416738 /* ShowReceiptViewController.h */,
				FAE3E7CD15E6A92E00416738 /* ShowReceiptViewController.m */,
			);
			name = controllers;
			sourceTree = "<group>";
		};
/* End PBXGroup section */

/* Begin PBXNativeTarget section */
		94A94E6315581D13004FB612 /* tp */ = {
			isa = PBXNativeTarget;
			buildConfigurationList = 94A94E9715581D14004FB612 /* Build configuration list for PBXNativeTarget "tp" */;
			buildPhases = (
				94A94E6015581D13004FB612 /* Sources */,
				94A94E6115581D13004FB612 /* Frameworks */,
				94A94E6215581D13004FB612 /* Resources */,
				96723A779A1E418B990A2561 /* Copy Pods Resources */,
				E3B1936D42D9419EB466C956 /* Copy Pods Resources */,
			);
			buildRules = (
			);
			dependencies = (
			);
			name = tp;
			productName = tp;
			productReference = 94A94E6415581D13004FB612 /* tp.app */;
			productType = "com.apple.product-type.application";
		};
		94A94E8415581D14004FB612 /* tpTests */ = {
			isa = PBXNativeTarget;
			buildConfigurationList = 94A94E9A15581D14004FB612 /* Build configuration list for PBXNativeTarget "tpTests" */;
			buildPhases = (
				94A94E8015581D14004FB612 /* Sources */,
				94A94E8115581D14004FB612 /* Frameworks */,
				94A94E8215581D14004FB612 /* Resources */,
				94A94E8315581D14004FB612 /* ShellScript */,
			);
			buildRules = (
			);
			dependencies = (
				94A94E8B15581D14004FB612 /* PBXTargetDependency */,
			);
			name = tpTests;
			productName = tpTests;
			productReference = 94A94E8515581D14004FB612 /* tpTests.octest */;
			productType = "com.apple.product-type.bundle";
		};
/* End PBXNativeTarget section */

/* Begin PBXProject section */
		94A94E5B15581D13004FB612 /* Project object */ = {
			isa = PBXProject;
			attributes = {
				LastUpgradeCheck = 0450;
			};
			buildConfigurationList = 94A94E5E15581D13004FB612 /* Build configuration list for PBXProject "tp" */;
			compatibilityVersion = "Xcode 3.2";
			developmentRegion = English;
			hasScannedForEncodings = 0;
			knownRegions = (
				en,
				ru,
				uk,
			);
			mainGroup = 94A94E5915581D13004FB612;
			productRefGroup = 94A94E6515581D13004FB612 /* Products */;
			projectDirPath = "";
			projectRoot = "";
			targets = (
				94A94E6315581D13004FB612 /* tp */,
				94A94E8415581D14004FB612 /* tpTests */,
			);
		};
/* End PBXProject section */

/* Begin PBXResourcesBuildPhase section */
		94A94E6215581D13004FB612 /* Resources */ = {
			isa = PBXResourcesBuildPhase;
			buildActionMask = 2147483647;
			files = (
				94A94E7315581D14004FB612 /* InfoPlist.strings in Resources */,
				94A94E7C15581D14004FB612 /* MainStoryboard.storyboard in Resources */,
				FAE9604A1560232C007F42DA /* wood-bg@2x.png in Resources */,
				FAE9604B1560232C007F42DA /* wood-bg.png in Resources */,
				FAE9604C1560232C007F42DA /* premium@2x.png in Resources */,
				FAE9604D1560232C007F42DA /* regular@2x.png in Resources */,
				FAE9604E1560232C007F42DA /* navbar@2x.png in Resources */,
				FAE9604F1560232C007F42DA /* premium.png in Resources */,
				FAE960501560232C007F42DA /* regular.png in Resources */,
				FAE960511560232C007F42DA /* navbar.png in Resources */,
				FAE960521560232C007F42DA /* gear@2x.png in Resources */,
				FAE960531560232C007F42DA /* gear.png in Resources */,
				FAE96056156023AC007F42DA /* bottom-bg@2x.png in Resources */,
				FAE96057156023AC007F42DA /* bottom-bg.png in Resources */,
				FAA11B7A1560401B0005CAFA /* order@2x.png in Resources */,
				FAA11B7B1560401B0005CAFA /* quantity@2x.png in Resources */,
				FAA11B7E156040A00005CAFA /* order.png in Resources */,
				FAA11B7F156040A00005CAFA /* quanity.png in Resources */,
				FAA11B9115659A8D0005CAFA /* ProximaNova-Regular.otf in Resources */,
				FA49999A15697FAB004A2287 /* Arvil_Sans.ttf in Resources */,
				FA26D07F156EBEE70029463E /* form-bg@2x.png in Resources */,
				FA26D081156EBFE80029463E /* form-bg.png in Resources */,
				FAA7AD08156ED4F9005128B4 /* bottom-bg-address.png in Resources */,
				FAA7AD09156ED4F9005128B4 /* bottom-bg-address@2x.png in Resources */,
				FAA7AD0C156EE0E0005128B4 /* ProximaNova-Semibold.otf in Resources */,
				FAA7AD1015718CB8005128B4 /* backup@2x.png in Resources */,
				FAA7AD1615718D91005128B4 /* backup.png in Resources */,
				FADBE7C51572104500FC9072 /* qty-checkout.png in Resources */,
				FADBE7C61572104500FC9072 /* qty-checkout@2x.png in Resources */,
				FADBE7CC15723DCB00FC9072 /* cancel.png in Resources */,
				FADBE7CD15723DCB00FC9072 /* cancel@2x.png in Resources */,
				FADBE7CE15723DCB00FC9072 /* truck.png in Resources */,
				FADBE7CF15723DCB00FC9072 /* truck@2x.png in Resources */,
				FA8E9F19158CF67300CB6F5B /* Environments.plist in Resources */,
				FA2E2BC015E56DA400BAAD44 /* paid.png in Resources */,
				FA2E2BC115E56DA400BAAD44 /* paid@2x.png in Resources */,
				FA2E2BC215E56DA400BAAD44 /* paper.png in Resources */,
				FA2E2BC315E56DA400BAAD44 /* paper@2x.png in Resources */,
				FA2E2BC415E56DA400BAAD44 /* radiant-tp.png in Resources */,
				FA2E2BC515E56DA400BAAD44 /* radiant-tp@2x.png in Resources */,
				FA2E2BC615E56DA400BAAD44 /* receipt-bg.png in Resources */,
				FA2E2BC715E56DA400BAAD44 /* receipt-bg@2x.png in Resources */,
				FA2E2BC815E56DA400BAAD44 /* sms.png in Resources */,
				FA2E2BC915E56DA400BAAD44 /* sms@2x.png in Resources */,
				FA2E2BCA15E56DA400BAAD44 /* van.png in Resources */,
				FA2E2BCB15E56DA400BAAD44 /* van@2x.png in Resources */,
				FA2E2BCF15E579A300BAAD44 /* accept-button.png in Resources */,
				FA2E2BD015E579A300BAAD44 /* accept-button@2x.png in Resources */,
				FAFAD7C915FC8C5A0015C60B /* ok-button.png in Resources */,
				FAFAD7CA15FC8C5A0015C60B /* ok-button@2x.png in Resources */,
				FA844ABA15FD016800715100 /* lines.png in Resources */,
				FA844ABB15FD016800715100 /* lines@2x.png in Resources */,
				FAA525A516027EC300B9393A /* fb.png in Resources */,
				FAA525A616027EC300B9393A /* fb@2x.png in Resources */,
				FAA525A716027EC300B9393A /* tw.png in Resources */,
				FAA525A816027EC300B9393A /* tw@2x.png in Resources */,
				FAA525AC1602832D00B9393A /* email.png in Resources */,
				FAA525AD1602832D00B9393A /* email@2x.png in Resources */,
				FAC46BB1160FA2BE00D0F647 /* quantity-pressed.png in Resources */,
				FAC46BB2160FA2BE00D0F647 /* quantity-pressed@2x.png in Resources */,
				FAAB1197164E8725001C7597 /* bg.png in Resources */,
				FAAB1198164E8725001C7597 /* bg@2x.png in Resources */,
			);
			runOnlyForDeploymentPostprocessing = 0;
		};
		94A94E8215581D14004FB612 /* Resources */ = {
			isa = PBXResourcesBuildPhase;
			buildActionMask = 2147483647;
			files = (
				94A94E9115581D14004FB612 /* InfoPlist.strings in Resources */,
			);
			runOnlyForDeploymentPostprocessing = 0;
		};
/* End PBXResourcesBuildPhase section */

/* Begin PBXShellScriptBuildPhase section */
		94A94E8315581D14004FB612 /* ShellScript */ = {
			isa = PBXShellScriptBuildPhase;
			buildActionMask = 2147483647;
			files = (
			);
			inputPaths = (
			);
			outputPaths = (
			);
			runOnlyForDeploymentPostprocessing = 0;
			shellPath = /bin/sh;
			shellScript = "# Run the unit tests in this test bundle.\n\"${SYSTEM_DEVELOPER_DIR}/Tools/RunUnitTests\"\n";
		};
		96723A779A1E418B990A2561 /* Copy Pods Resources */ = {
			isa = PBXShellScriptBuildPhase;
			buildActionMask = 2147483647;
			files = (
			);
			inputPaths = (
			);
			name = "Copy Pods Resources";
			outputPaths = (
			);
			runOnlyForDeploymentPostprocessing = 0;
			shellPath = /bin/sh;
			shellScript = "\"${SRCROOT}/Pods/Pods-resources.sh\"\n";
		};
		E3B1936D42D9419EB466C956 /* Copy Pods Resources */ = {
			isa = PBXShellScriptBuildPhase;
			buildActionMask = 2147483647;
			files = (
			);
			inputPaths = (
			);
			name = "Copy Pods Resources";
			outputPaths = (
			);
			runOnlyForDeploymentPostprocessing = 0;
			shellPath = /bin/sh;
			shellScript = "\"${SRCROOT}/Pods/Pods-resources.sh\"\n";
		};
/* End PBXShellScriptBuildPhase section */

/* Begin PBXSourcesBuildPhase section */
		94A94E6015581D13004FB612 /* Sources */ = {
			isa = PBXSourcesBuildPhase;
			buildActionMask = 2147483647;
			files = (
				94A94E7515581D14004FB612 /* main.m in Sources */,
				94A94E7915581D14004FB612 /* AppDelegate.m in Sources */,
				94A94E7F15581D14004FB612 /* OrderController.m in Sources */,
				FAE96031155B08E4007F42DA /* UIBarButtonItem+Borderless.m in Sources */,
				FAC5B7CD157A2DC900C73398 /* Stripe.m in Sources */,
				FAC5B7D7157A4EB500C73398 /* RestUser.m in Sources */,
				FAAC5265158545E3009E9811 /* SettingsController.m in Sources */,
				FA8E9F17158CF62C00CB6F5B /* Config.m in Sources */,
				FA8E9F1D158DDED700CB6F5B /* UIApplication+NetworkActivityIndicator.m in Sources */,
				FAE3E7CE15E6A92E00416738 /* ShowReceiptViewController.m in Sources */,
				FA865496160E4EAC00DAB476 /* Tp.xcdatamodeld in Sources */,
				FA8654A5160E572D00DAB476 /* User+Manage.m in Sources */,
				94A0A18B1647E430004A8608 /* RestClient.m in Sources */,
				94A0A1981647EAA9004A8608 /* Order+Manage.m in Sources */,
				FAAB119D164E91FF001C7597 /* WoodView.m in Sources */,
				FAAB11A0164E92DF001C7597 /* TexturedView.m in Sources */,
				FAAB11A3164E9B12001C7597 /* FormView.m in Sources */,
				FA9FF8E91658278D00015F7E /* RestOrder.m in Sources */,
				FA9FF8ED165827B800015F7E /* RestObject.m in Sources */,
				FA9FF93B165941AB00015F7E /* Order.m in Sources */,
				FAE7556B165ACA1500DE05D9 /* NSString+Utils.m in Sources */,
				FADAF537165C0E09008C084B /* FacebookHelper.m in Sources */,
				FACEAB49165C2078007C5C3D /* User.m in Sources */,
			);
			runOnlyForDeploymentPostprocessing = 0;
		};
		94A94E8015581D14004FB612 /* Sources */ = {
			isa = PBXSourcesBuildPhase;
			buildActionMask = 2147483647;
			files = (
				94A94E9415581D14004FB612 /* tpTests.m in Sources */,
			);
			runOnlyForDeploymentPostprocessing = 0;
		};
/* End PBXSourcesBuildPhase section */

/* Begin PBXTargetDependency section */
		94A94E8B15581D14004FB612 /* PBXTargetDependency */ = {
			isa = PBXTargetDependency;
			target = 94A94E6315581D13004FB612 /* tp */;
			targetProxy = 94A94E8A15581D14004FB612 /* PBXContainerItemProxy */;
		};
/* End PBXTargetDependency section */

/* Begin PBXVariantGroup section */
		94A94E7115581D14004FB612 /* InfoPlist.strings */ = {
			isa = PBXVariantGroup;
			children = (
				94A94E7215581D14004FB612 /* en */,
			);
			name = InfoPlist.strings;
			sourceTree = "<group>";
		};
		94A94E7A15581D14004FB612 /* MainStoryboard.storyboard */ = {
			isa = PBXVariantGroup;
			children = (
				94A94E7B15581D14004FB612 /* en */,
			);
			name = MainStoryboard.storyboard;
			sourceTree = "<group>";
		};
		94A94E8F15581D14004FB612 /* InfoPlist.strings */ = {
			isa = PBXVariantGroup;
			children = (
				94A94E9015581D14004FB612 /* en */,
			);
			name = InfoPlist.strings;
			sourceTree = "<group>";
		};
/* End PBXVariantGroup section */

/* Begin XCBuildConfiguration section */
		94A94E9515581D14004FB612 /* Debug */ = {
			isa = XCBuildConfiguration;
			buildSettings = {
				"ADDITIONAL_SDKS[arch=*]" = "";
				ALWAYS_SEARCH_USER_PATHS = NO;
				ARCHS = "$(ARCHS_STANDARD_32_BIT)";
				CLANG_ENABLE_OBJC_ARC = YES;
				CODE_SIGN_IDENTITY = "iPhone Developer: Ryan Romanchuk (RJ6W6Q2JLW)";
				"CODE_SIGN_IDENTITY[sdk=iphoneos*]" = "iPhone Developer";
				COMPRESS_PNG_FILES = NO;
				COPY_PHASE_STRIP = NO;
				GCC_C_LANGUAGE_STANDARD = gnu99;
				GCC_DYNAMIC_NO_PIC = NO;
				GCC_OPTIMIZATION_LEVEL = 0;
				GCC_PREPROCESSOR_DEFINITIONS = (
					"DEBUG=1",
					"$(inherited)",
				);
				GCC_SYMBOLS_PRIVATE_EXTERN = NO;
				GCC_VERSION = com.apple.compilers.llvm.clang.1_0;
				GCC_WARN_ABOUT_RETURN_TYPE = YES;
				GCC_WARN_UNINITIALIZED_AUTOS = YES;
				GCC_WARN_UNUSED_VARIABLE = YES;
				IPHONEOS_DEPLOYMENT_TARGET = 5.1;
				PROVISIONING_PROFILE = "417C3597-D224-42D4-A862-1F731BF0DB9F";
				SDKROOT = iphoneos;
			};
			name = Debug;
		};
		94A94E9615581D14004FB612 /* Release */ = {
			isa = XCBuildConfiguration;
			buildSettings = {
				ALWAYS_SEARCH_USER_PATHS = NO;
				ARCHS = "$(ARCHS_STANDARD_32_BIT)";
				CLANG_ENABLE_OBJC_ARC = YES;
				CODE_SIGN_IDENTITY = "iPhone Developer: Ryan Romanchuk (RJ6W6Q2JLW)";
				"CODE_SIGN_IDENTITY[sdk=iphoneos*]" = "iPhone Developer";
				COMPRESS_PNG_FILES = NO;
				COPY_PHASE_STRIP = YES;
				GCC_C_LANGUAGE_STANDARD = gnu99;
				GCC_VERSION = com.apple.compilers.llvm.clang.1_0;
				GCC_WARN_ABOUT_RETURN_TYPE = YES;
				GCC_WARN_UNINITIALIZED_AUTOS = YES;
				GCC_WARN_UNUSED_VARIABLE = YES;
				IPHONEOS_DEPLOYMENT_TARGET = 5.1;
				OTHER_CFLAGS = "-DNS_BLOCK_ASSERTIONS=1";
				PROVISIONING_PROFILE = "417C3597-D224-42D4-A862-1F731BF0DB9F";
				SDKROOT = iphoneos;
				VALIDATE_PRODUCT = YES;
			};
			name = Release;
		};
		94A94E9815581D14004FB612 /* Debug */ = {
			isa = XCBuildConfiguration;
			baseConfigurationReference = 5C98AF6D30D3468E84B43D40 /* Pods.xcconfig */;
			buildSettings = {
				CODE_SIGN_IDENTITY = "iPhone Developer: Ryan Romanchuk (RJ6W6Q2JLW)";
				COMPRESS_PNG_FILES = NO;
				FRAMEWORK_SEARCH_PATHS = (
					"$(inherited)",
					"\"$(SRCROOT)/social/ios\"",
				);
				GCC_PRECOMPILE_PREFIX_HEADER = YES;
				GCC_PREFIX_HEADER = "tp/tp-Prefix.pch";
				INFOPLIST_FILE = "tp/tp-Info.plist";
				LIBRARY_SEARCH_PATHS = (
					"$(inherited)",
					"\"$(SRCROOT)/tp\"",
					"\"$(SRCROOT)/../../../facebook-ios-sdk/lib/facebook-ios-sdk\"",
					"\"$(SRCROOT)/social/.env/lib/python2.7/config\"",
					"\"$(SRCROOT)/social/ios/Airship\"",
					"\"$(SRCROOT)/social/ios/Flurry\"",
					"\"$(SRCROOT)/social/ios/Pods/TestFlightSDK\"",
					"\"$(SRCROOT)/social/web/.env/lib/python2.7/config\"",
				);
				PRODUCT_NAME = "$(TARGET_NAME)";
				PROVISIONING_PROFILE = "417C3597-D224-42D4-A862-1F731BF0DB9F";
				WRAPPER_EXTENSION = app;
			};
			name = Debug;
		};
		94A94E9915581D14004FB612 /* Release */ = {
			isa = XCBuildConfiguration;
			baseConfigurationReference = 5C98AF6D30D3468E84B43D40 /* Pods.xcconfig */;
			buildSettings = {
				CODE_SIGN_IDENTITY = "iPhone Developer: Ryan Romanchuk (RJ6W6Q2JLW)";
				COMPRESS_PNG_FILES = NO;
				FRAMEWORK_SEARCH_PATHS = (
					"$(inherited)",
					"\"$(SRCROOT)/social/ios\"",
				);
				GCC_PRECOMPILE_PREFIX_HEADER = YES;
				GCC_PREFIX_HEADER = "tp/tp-Prefix.pch";
				INFOPLIST_FILE = "tp/tp-Info.plist";
				LIBRARY_SEARCH_PATHS = (
					"$(inherited)",
					"\"$(SRCROOT)/tp\"",
					"\"$(SRCROOT)/../../../facebook-ios-sdk/lib/facebook-ios-sdk\"",
					"\"$(SRCROOT)/social/.env/lib/python2.7/config\"",
					"\"$(SRCROOT)/social/ios/Airship\"",
					"\"$(SRCROOT)/social/ios/Flurry\"",
					"\"$(SRCROOT)/social/ios/Pods/TestFlightSDK\"",
					"\"$(SRCROOT)/social/web/.env/lib/python2.7/config\"",
				);
				PRODUCT_NAME = "$(TARGET_NAME)";
				PROVISIONING_PROFILE = "417C3597-D224-42D4-A862-1F731BF0DB9F";
				WRAPPER_EXTENSION = app;
			};
			name = Release;
		};
		94A94E9B15581D14004FB612 /* Debug */ = {
			isa = XCBuildConfiguration;
			buildSettings = {
				BUNDLE_LOADER = "$(BUILT_PRODUCTS_DIR)/tp.app/tp";
				FRAMEWORK_SEARCH_PATHS = (
					"$(SDKROOT)/Developer/Library/Frameworks",
					"$(DEVELOPER_LIBRARY_DIR)/Frameworks",
				);
				GCC_PRECOMPILE_PREFIX_HEADER = YES;
				GCC_PREFIX_HEADER = "tp/tp-Prefix.pch";
				INFOPLIST_FILE = "tpTests/tpTests-Info.plist";
				PRODUCT_NAME = "$(TARGET_NAME)";
				TEST_HOST = "$(BUNDLE_LOADER)";
				WRAPPER_EXTENSION = octest;
			};
			name = Debug;
		};
		94A94E9C15581D14004FB612 /* Release */ = {
			isa = XCBuildConfiguration;
			buildSettings = {
				BUNDLE_LOADER = "$(BUILT_PRODUCTS_DIR)/tp.app/tp";
				FRAMEWORK_SEARCH_PATHS = (
					"$(SDKROOT)/Developer/Library/Frameworks",
					"$(DEVELOPER_LIBRARY_DIR)/Frameworks",
				);
				GCC_PRECOMPILE_PREFIX_HEADER = YES;
				GCC_PREFIX_HEADER = "tp/tp-Prefix.pch";
				INFOPLIST_FILE = "tpTests/tpTests-Info.plist";
				PRODUCT_NAME = "$(TARGET_NAME)";
				TEST_HOST = "$(BUNDLE_LOADER)";
				WRAPPER_EXTENSION = octest;
			};
			name = Release;
		};
/* End XCBuildConfiguration section */

/* Begin XCConfigurationList section */
		94A94E5E15581D13004FB612 /* Build configuration list for PBXProject "tp" */ = {
			isa = XCConfigurationList;
			buildConfigurations = (
				94A94E9515581D14004FB612 /* Debug */,
				94A94E9615581D14004FB612 /* Release */,
			);
			defaultConfigurationIsVisible = 0;
			defaultConfigurationName = Release;
		};
		94A94E9715581D14004FB612 /* Build configuration list for PBXNativeTarget "tp" */ = {
			isa = XCConfigurationList;
			buildConfigurations = (
				94A94E9815581D14004FB612 /* Debug */,
				94A94E9915581D14004FB612 /* Release */,
			);
			defaultConfigurationIsVisible = 0;
			defaultConfigurationName = Release;
		};
		94A94E9A15581D14004FB612 /* Build configuration list for PBXNativeTarget "tpTests" */ = {
			isa = XCConfigurationList;
			buildConfigurations = (
				94A94E9B15581D14004FB612 /* Debug */,
				94A94E9C15581D14004FB612 /* Release */,
			);
			defaultConfigurationIsVisible = 0;
			defaultConfigurationName = Release;
		};
/* End XCConfigurationList section */

/* Begin XCVersionGroup section */
		FA865494160E4EAC00DAB476 /* Tp.xcdatamodeld */ = {
			isa = XCVersionGroup;
			children = (
				FA865495160E4EAC00DAB476 /* Tp.xcdatamodel */,
			);
			currentVersion = FA865495160E4EAC00DAB476 /* Tp.xcdatamodel */;
			path = Tp.xcdatamodeld;
			sourceTree = "<group>";
			versionGroupType = wrapper.xcdatamodel;
		};
/* End XCVersionGroup section */
	};
	rootObject = 94A94E5B15581D13004FB612 /* Project object */;
}
